// !$*UTF8*$!
{
	archiveVersion = 1;
	classes = {
	};
	objectVersion = 77;
	objects = {

/* Begin PBXBuildFile section */
		032E5C8AB0103B55827B6D4D /* OverlayBackground.swift in Sources */ = {isa = PBXBuildFile; fileRef = AFB9087BA044BC50F21C5AE0 /* OverlayBackground.swift */; };
		09E18FF4DA078CA08A0BD260 /* HeaderLabel.swift in Sources */ = {isa = PBXBuildFile; fileRef = 2DD56EBEFF013417C64A6488 /* HeaderLabel.swift */; };
		0B37F698456187F4C6BEA70A /* Alertinator.swift in Sources */ = {isa = PBXBuildFile; fileRef = 1D1585E8B42B2495142BE67E /* Alertinator.swift */; };
		0C5BE79B5A223042AF06CB9F /* PasscodeExploreView.swift in Sources */ = {isa = PBXBuildFile; fileRef = 1192B4ADC758F2FBE26A883A /* PasscodeExploreView.swift */; };
		0D1EB96F2BAB9FD1279D857C /* PlatterToggle.swift in Sources */ = {isa = PBXBuildFile; fileRef = 0129BE13FBF985411B747C2A /* PlatterToggle.swift */; };
		0DAF3E7474DCC5CA0CA68816 /* vnode.m in Sources */ = {isa = PBXBuildFile; fileRef = 09E09CADCF84F1D6D51E5F20 /* vnode.m */; };
		0FB7B18878404436BE122EAB /* FileSystemHelpers.swift in Sources */ = {isa = PBXBuildFile; fileRef = 2802001733517E9C6F44ADDE /* FileSystemHelpers.swift */; };
		10C0FCA977E5D0C84422C086 /* TextFieldButton.swift in Sources */ = {isa = PBXBuildFile; fileRef = FEA8884199D9A76305CFBFB7 /* TextFieldButton.swift */; };
		1464B9EBCD536BDD19A66D71 /* pac.m in Sources */ = {isa = PBXBuildFile; fileRef = 7716BA871D7E897964A49CBD /* pac.m */; };
		183F7035A40F3FAEC789717E /* Hapticinator.swift in Sources */ = {isa = PBXBuildFile; fileRef = 37FB4792E60B4F968016E9C6 /* Hapticinator.swift */; };
		1AC7A833DF8669BB42C00F6F /* LICENSE_XPF.md in Resources */ = {isa = PBXBuildFile; fileRef = 9ECAEE9B34FB3DCF3A9756AA /* LICENSE_XPF.md */; };
		1E44232A28451D66BC093F57 /* isdebugged.swift in Sources */ = {isa = PBXBuildFile; fileRef = 7DBB848FB87528D0CF3FD7AD /* isdebugged.swift */; };
		1EC32535DB84C3527B4B0A0C /* PrimaryButtonStyle.swift in Sources */ = {isa = PBXBuildFile; fileRef = 4520C39A67B4B53F2535B2FC /* PrimaryButtonStyle.swift */; };
		1EE3C53F9459EF1DC4B62B28 /* TinyInfoPlatter.swift in Sources */ = {isa = PBXBuildFile; fileRef = B11064A0B5EBD6B7A2D05021 /* TinyInfoPlatter.swift */; };
		21B13EF81BE57B10FE0C37A0 /* WhitelistView.swift in Sources */ = {isa = PBXBuildFile; fileRef = 7BA3C630C1E593EDD9E2D17D /* WhitelistView.swift */; };
		225E1A8B9773049D1D701524 /* CCView.swift in Sources */ = {isa = PBXBuildFile; fileRef = DF63A96A2904C5BAA9C6E491 /* CCView.swift */; };
		249698EE68C5B5D3A7DE2A7D /* IconThemeGalleryManager.swift in Sources */ = {isa = PBXBuildFile; fileRef = 50BE8150155CA9C3A965F3D4 /* IconThemeGalleryManager.swift */; };
		24ED72EC4550CDC318C16998 /* lara.swift in Sources */ = {isa = PBXBuildFile; fileRef = 785FE68237A73C050C69066D /* lara.swift */; };
		26A215D73B98911708F1CF0C /* isunsupported.swift in Sources */ = {isa = PBXBuildFile; fileRef = 8B4C39921AD4AFB152FAEF11 /* isunsupported.swift */; };
		26EE159C81998DF41B98C012 /* PartyUI.swift in Sources */ = {isa = PBXBuildFile; fileRef = 448609047BB8D112B7E99BFA /* PartyUI.swift */; };
		27780886EFE6F5CF439E3C17 /* GetLicenseDict.swift in Sources */ = {isa = PBXBuildFile; fileRef = CDDF9E94BDE594CDE4DC0D0C /* GetLicenseDict.swift */; };
		28100889AD0FB497D00A1F38 /* TextFieldBackground.swift in Sources */ = {isa = PBXBuildFile; fileRef = D7EDCF42DD25E81E04542CF0 /* TextFieldBackground.swift */; };
		2BEFF5B60B8C14F020806C80 /* libxpf.dylib in Resources */ = {isa = PBXBuildFile; fileRef = 6337EE02AC0706717DFA252A /* libxpf.dylib */; };
		2C57E73D5988F313FFD5A8FA /* dirtyZeroTweakArray.swift in Sources */ = {isa = PBXBuildFile; fileRef = DDB2DDE4EBFD521AEA126223 /* dirtyZeroTweakArray.swift */; };
		2D7D9A6E64CEC02EEEF80312 /* LICENSE_RootHideManagerApp.md in Resources */ = {isa = PBXBuildFile; fileRef = FC6F541C56EDB4F0D04D7442 /* LICENSE_RootHideManagerApp.md */; };
		313E6AE848E29D7EB7F19381 /* SantanderView.swift in Sources */ = {isa = PBXBuildFile; fileRef = 9C010243976A7D404529C206 /* SantanderView.swift */; };
		333CD424E2385A8097A3533C /* Logger.swift in Sources */ = {isa = PBXBuildFile; fileRef = 7ADF625620559A728F4B333A /* Logger.swift */; };
		36245F5CC5C7BAEFD012ED41 /* VarCleanView.swift in Sources */ = {isa = PBXBuildFile; fileRef = 504D22E7D14EDDCBB8ED9F44 /* VarCleanView.swift */; };
		36F19A6149B559F3BC80F179 /* WelcomeSheetView.swift in Sources */ = {isa = PBXBuildFile; fileRef = 85027CF0242D31D84A9044B5 /* WelcomeSheetView.swift */; };
		3A0742956B3B582834E0833D /* TerminalPlatter.swift in Sources */ = {isa = PBXBuildFile; fileRef = 109F3589876ADE5C6E415581 /* TerminalPlatter.swift */; };
		3E58D5D0691AC93283012BF2 /* ButtonLabel.swift in Sources */ = {isa = PBXBuildFile; fileRef = 2F7F05561895AF15477C59D9 /* ButtonLabel.swift */; };
		406616371B7D5B7A84F818EA /* LinkCreditCell.swift in Sources */ = {isa = PBXBuildFile; fileRef = DDB02794349F88F9FD65ADEE /* LinkCreditCell.swift */; };
		41F266B5583ADAA53B36C2C0 /* GestaltView.swift in Sources */ = {isa = PBXBuildFile; fileRef = ACDE5186BD4FAC6C884D6EC3 /* GestaltView.swift */; };
		42B0B8FE0F764DA8C7FAD73A /* RemoteCall.m in Sources */ = {isa = PBXBuildFile; fileRef = D2ED109B18B57340D5F23066 /* RemoteCall.m */; };
		431CA65D12D2682ECF48E8B4 /* darksword.m in Sources */ = {isa = PBXBuildFile; fileRef = DD123A4DC76BB7C0734B5AE9 /* darksword.m */; };
		4368A9119C44068B5D12B9E4 /* CardView.swift in Sources */ = {isa = PBXBuildFile; fileRef = 87B5A7075908DD63D2DB887E /* CardView.swift */; };
		4669C3B25B7489EBD80057B3 /* helpers.swift in Sources */ = {isa = PBXBuildFile; fileRef = 92C2A1D1BCFA40230A63C752 /* helpers.swift */; };
		47D68AE445E6E3C1B521A735 /* UIKit.framework in Frameworks */ = {isa = PBXBuildFile; fileRef = 410B1EDE3D870185074F65BC /* UIKit.framework */; };
		495E4514D5AE764363BAF696 /* sbx.m in Sources */ = {isa = PBXBuildFile; fileRef = F7BDDFA67F1109816C300F1E /* sbx.m */; };
		4994710A947C095CC5E1EEF7 /* CompactAlert.swift in Sources */ = {isa = PBXBuildFile; fileRef = 28A34DEE4E3F623EFF26BA57 /* CompactAlert.swift */; };
		4997659E14575C5B7AAACC12 /* vm.m in Sources */ = {isa = PBXBuildFile; fileRef = 2046AE855EEB1C6D361886E0 /* vm.m */; };
		4F94453C8CE1AA0E6A69DA91 /* WelcomeSheetRow.swift in Sources */ = {isa = PBXBuildFile; fileRef = 9333BB39BB98C3DB063648A1 /* WelcomeSheetRow.swift */; };
		5107FC83FA70D6177149C8A9 /* DarkBoardExploreView.swift in Sources */ = {isa = PBXBuildFile; fileRef = 76499B80F81B730D6740F4B4 /* DarkBoardExploreView.swift */; };
		56D700B0AF25BA9C8F50F0C1 /* FileInfoSheet.swift in Sources */ = {isa = PBXBuildFile; fileRef = AA25AF8322F8AF8EA8DCFFF3 /* FileInfoSheet.swift */; };
		5965140CE8091F322A58EE80 /* DowngradeView.swift in Sources */ = {isa = PBXBuildFile; fileRef = 31508EF562095117FB765FFF /* DowngradeView.swift */; };
		59D03D9A337DC168C41A7B8A /* DirectoryView.swift in Sources */ = {isa = PBXBuildFile; fileRef = AECB19A4F9FC77C7B0D6365A /* DirectoryView.swift */; };
		5B1BA862D916F9D13ABA41BD /* SettingsView.swift in Sources */ = {isa = PBXBuildFile; fileRef = 986EBE17846F5764D1456F88 /* SettingsView.swift */; };
		5D2A857F1E4C68F95E0DF740 /* TinyButtonStyle.swift in Sources */ = {isa = PBXBuildFile; fileRef = BF1C05825EDB2BD4FDD78E0F /* TinyButtonStyle.swift */; };
		5F88E2FEBD607B1D88D70C8A /* OffsetManagementView.swift in Sources */ = {isa = PBXBuildFile; fileRef = 9912C39D41DA5EB8985DBB12 /* OffsetManagementView.swift */; };
		5FF35E1238A57CA142CA2C97 /* GestaltFileView.swift in Sources */ = {isa = PBXBuildFile; fileRef = 05AF074004C8A6B2B588FC91 /* GestaltFileView.swift */; };
		61F952925C145569D97BD96E /* zipmgr.swift in Sources */ = {isa = PBXBuildFile; fileRef = CBFD358E70EC405DE82C3960 /* zipmgr.swift */; };
		64B362A6D4F60F329536722F /* laramgr.swift in Sources */ = {isa = PBXBuildFile; fileRef = 2CCACDCDA8A98A3AB0DD4B34 /* laramgr.swift */; };
		65347BD00853A4413D0A09E4 /* PasscodeGalleryManager.swift in Sources */ = {isa = PBXBuildFile; fileRef = 67D100779B0FB585D07A7A01 /* PasscodeGalleryManager.swift */; };
		6838DD14ACAE027291B4E513 /* AppInfo.swift in Sources */ = {isa = PBXBuildFile; fileRef = 6EB9E3ACD25477A782F14650 /* AppInfo.swift */; };
		6F1754E66E9F7677E77C2078 /* TweaksView.swift in Sources */ = {isa = PBXBuildFile; fileRef = A715CAB6E1EC98EB726ED515 /* TweaksView.swift */; };
		73BB4DCD39001D69E351546E /* IconThemeManager.swift in Sources */ = {isa = PBXBuildFile; fileRef = 313B84568EEAB9B642F60011 /* IconThemeManager.swift */; };
		7AEF609084ED052D6C996095 /* offsets.m in Sources */ = {isa = PBXBuildFile; fileRef = EDC9360B2E647660F1BD443F /* offsets.m */; };
		7C95F000A8053214FDAA34F1 /* AppsView.swift in Sources */ = {isa = PBXBuildFile; fileRef = D7767AE9E778CDC4652EE1AA /* AppsView.swift */; };
		7D5AB8511BEC776DA861AF7D /* SBCustomizerHandler.swift in Sources */ = {isa = PBXBuildFile; fileRef = CCE96D7B86A8F7D41967A7BC /* SBCustomizerHandler.swift */; };
		833F7207A881BEB28DD1E4F0 /* media.xcassets in Resources */ = {isa = PBXBuildFile; fileRef = 68FA57A36233679708C5E468 /* media.xcassets */; };
		87A8B3BD2CF7E6EA5EFBC92A /* SystemColor.swift in Sources */ = {isa = PBXBuildFile; fileRef = 52820EE5F1FB5FE56093F4E7 /* SystemColor.swift */; };
		88C0004992C741FD9CBA65B7 /* islcinstalled.swift in Sources */ = {isa = PBXBuildFile; fileRef = F6D6CB952FC4C65F5FB543A5 /* islcinstalled.swift */; };
		8A7650B0F02201B3766D692B /* SectionPlatter.swift in Sources */ = {isa = PBXBuildFile; fileRef = 8D042B272B261DE4B19A7351 /* SectionPlatter.swift */; };
		8AA68683A08CC5CE392779EF /* TerminalHeader.swift in Sources */ = {isa = PBXBuildFile; fileRef = FA7E2153C056C5EA2C6A6787 /* TerminalHeader.swift */; };
		8DB9C5084358B2B499F36EBB /* LicenseView.swift in Sources */ = {isa = PBXBuildFile; fileRef = CDBEF40DFD6AA5F5A0B9433C /* LicenseView.swift */; };
		8EA9B7CB34A03394A376CC68 /* FileView.swift in Sources */ = {isa = PBXBuildFile; fileRef = 73D525CF14505CE9B85FD317 /* FileView.swift */; };
		916461803C022C4E152C7018 /* ThemedHeaderLabel.swift in Sources */ = {isa = PBXBuildFile; fileRef = B313F5BE4CA5427B76F38EAD /* ThemedHeaderLabel.swift */; };
		92C535F65EF10D85C95BB30C /* libgrabkernel2.dylib in Resources */ = {isa = PBXBuildFile; fileRef = 2A8B286F9EE44EE34D17CFC5 /* libgrabkernel2.dylib */; };
		92E69C99643D08CD1E8AA0B7 /* lara.png in Resources */ = {isa = PBXBuildFile; fileRef = AE2331E0F7B3D823CA15DF72 /* lara.png */; };
		97B355DB8E7EF97123EE3DB3 /* rc.m in Sources */ = {isa = PBXBuildFile; fileRef = 86610E6990066EDFE2B5D96B /* rc.m */; };
		9B0FAA914F626F1E18CDEC3E /* LiquidGlassView.swift in Sources */ = {isa = PBXBuildFile; fileRef = 8E180A1D7D4F04BBA1C018F5 /* LiquidGlassView.swift */; };
		9B84BA4A9C594BBAB7105033 /* RemoteView.swift in Sources */ = {isa = PBXBuildFile; fileRef = 3FDA4A99A12D2CB225EB22B5 /* RemoteView.swift */; };
		9D957E103626718DF86289DF /* Foundation.framework in Frameworks */ = {isa = PBXBuildFile; fileRef = 039D284F496260AA52986467 /* Foundation.framework */; };
		A48D9189EDE6A082738FCF26 /* HeaderDropdown.swift in Sources */ = {isa = PBXBuildFile; fileRef = 02E20075BF872BFD95EB0A6E /* HeaderDropdown.swift */; };
		A623B89A2C58CB8A78BCF7EA /* findcachedataoff.m in Sources */ = {isa = PBXBuildFile; fileRef = 63638FA82C9DE5B6CFE2B370 /* findcachedataoff.m */; };
		A8A6EB4387F212AAF8BA8626 /* decrypt.m in Sources */ = {isa = PBXBuildFile; fileRef = 339B1CF19AFA09E650FAB6E6 /* decrypt.m */; };
		A98B8800F6EF0B73BA92B31F /* FancyButtonStyle.swift in Sources */ = {isa = PBXBuildFile; fileRef = E56A2ABB4902D8C97C35DF1C /* FancyButtonStyle.swift */; };
		AAC093D16E38470615A9725D /* LogsView.swift in Sources */ = {isa = PBXBuildFile; fileRef = E5D20EE9A5D02B2AE40EBBF1 /* LogsView.swift */; };
		AB18409EBF1C458A973EBC6C /* persistence.m in Sources */ = {isa = PBXBuildFile; fileRef = B2BA68871A9D11BCFDC2AE71 /* persistence.m */; };
		AB286DA058F1FCAE9363C6B1 /* getbmhash.swift in Sources */ = {isa = PBXBuildFile; fileRef = 4091B993EEB2CE55D9340FD1 /* getbmhash.swift */; };
		AC4ABBAD4B37B747B5FC27F8 /* Exitinator.swift in Sources */ = {isa = PBXBuildFile; fileRef = 06481EFAF5F2217FAAF5763B /* Exitinator.swift */; };
		ACFCDB592B88DB1BFEFABDBA /* fetchkcache.swift in Sources */ = {isa = PBXBuildFile; fileRef = CD0D193753BA74B811063956 /* fetchkcache.swift */; };
		AFD8AD5FD3F60467492282EF /* thread.m in Sources */ = {isa = PBXBuildFile; fileRef = 69CB9CC7CA7C437D5204AD77 /* thread.m */; };
		B2DC9AD7F03153102E6FA9BB /* exc.m in Sources */ = {isa = PBXBuildFile; fileRef = E4F25FF1C3F48BDC5E6BB728 /* exc.m */; };
		B327D7C285D9BC9ECCDE1A68 /* dirtyZeroView.swift in Sources */ = {isa = PBXBuildFile; fileRef = C92D97E7B28FC21CDB6394CC /* dirtyZeroView.swift */; };
		B7DFE2C421923B740CC36F5C /* NavigationLabel.swift in Sources */ = {isa = PBXBuildFile; fileRef = 856E29C9498293E1D9BB09CA /* NavigationLabel.swift */; };
		B81FB0C03834B51997A89C34 /* keepalive.swift in Sources */ = {isa = PBXBuildFile; fileRef = F50A3C705DF2F98AC63AA699 /* keepalive.swift */; };
		B961402B2D55AB712FC53027 /* DesignStyle.swift in Sources */ = {isa = PBXBuildFile; fileRef = 6DDC13CBAF6359B957D0E46D /* DesignStyle.swift */; };
		BA2F9F5E6F4FEBCB5F1F5596 /* VarCleanRules.json in Resources */ = {isa = PBXBuildFile; fileRef = 60E947B3676E84C6A668511C /* VarCleanRules.json */; };
		BC49811360FE90E8EAE827E8 /* utils.m in Sources */ = {isa = PBXBuildFile; fileRef = 5A300D3F6ED3397BE1E6AD87 /* utils.m */; };
		BC6CE187F643FD736AA99693 /* LICENSE_libgrabkernel2.md in Resources */ = {isa = PBXBuildFile; fileRef = 271735A3F681764690EA9704 /* LICENSE_libgrabkernel2.md */; };
		BDC6CC19998815F1C0398225 /* SpringBoardView.swift in Sources */ = {isa = PBXBuildFile; fileRef = DA8DA1F400219CB3E2BB0ED3 /* SpringBoardView.swift */; };
		C098493DCD6B3083B150E828 /* LiquidGlassPreview.swift in Sources */ = {isa = PBXBuildFile; fileRef = B4D9E99A44EA3E29445991F5 /* LiquidGlassPreview.swift */; };
		C1725F509BDB7D2208EE2579 /* resizetoapprox.swift in Sources */ = {isa = PBXBuildFile; fileRef = 3B986733D3F9E2A85C6B4DB7 /* resizetoapprox.swift */; };
		C316305E7DF3C96CF3864D3D /* Shareinator.swift in Sources */ = {isa = PBXBuildFile; fileRef = 4759F640E231F564F06DB0F5 /* Shareinator.swift */; };
		C4466872A4D62B9F707EAFB1 /* ToolsView.swift in Sources */ = {isa = PBXBuildFile; fileRef = 82024AEA6B518B3DBE4DB4C3 /* ToolsView.swift */; };
		CC7E7C7F1147990E8623F251 /* DarkBoardView.swift in Sources */ = {isa = PBXBuildFile; fileRef = B1DA3FB34E314A468E26E1D9 /* DarkBoardView.swift */; };
		CCC0948E08193AA6572B31F9 /* CustomView.swift in Sources */ = {isa = PBXBuildFile; fileRef = 6E62F26B0EFC75ABBC536306 /* CustomView.swift */; };
		CD6AE0F9A1240E5558087998 /* JitView.swift in Sources */ = {isa = PBXBuildFile; fileRef = F2807342CC8396EA700E7626 /* JitView.swift */; };
		CECD141B587A6A03B2965B53 /* DecryptView.swift in Sources */ = {isa = PBXBuildFile; fileRef = AB6983282C48A1F9D8916495 /* DecryptView.swift */; };
		D176CC232E82A283A7DB6095 /* libmuffinstore.dylib in Resources */ = {isa = PBXBuildFile; fileRef = DD7F3DC66742B927E18E4F84 /* libmuffinstore.dylib */; };
		D3929A52B94E75348A88DF65 /* AppInfoCell.swift in Sources */ = {isa = PBXBuildFile; fileRef = E94088E0CD65B0F97BC353BA /* AppInfoCell.swift */; };
		D3DDBE4B4FB9530B47BB8A37 /* PasscodeRepoView.swift in Sources */ = {isa = PBXBuildFile; fileRef = EF3BD740DFB941A63B1FE9D3 /* PasscodeRepoView.swift */; };
		D90946ED645AD402E4BFFF4D /* InfoBadge.swift in Sources */ = {isa = PBXBuildFile; fileRef = C1486DA5CC57449B23F1C1A8 /* InfoBadge.swift */; };
		DBC38849EB29D5E244F47CF4 /* LICENSE_ChOma.md in Resources */ = {isa = PBXBuildFile; fileRef = 768497842E4AA9851BF6D449 /* LICENSE_ChOma.md */; };
		DD5B66223ABC74965F0A2DF3 /* FadeAnimation.swift in Sources */ = {isa = PBXBuildFile; fileRef = FC1E023273418CB9CB879FFF /* FadeAnimation.swift */; };
		E0906DF58A3B0697EDB402EC /* FontPicker.swift in Sources */ = {isa = PBXBuildFile; fileRef = CCBDBA2B5E35715A5E9EF977 /* FontPicker.swift */; };
		E166433EB821FF6EEFEF1062 /* CreditsView.swift in Sources */ = {isa = PBXBuildFile; fileRef = 61F528F680617A48C3CAB181 /* CreditsView.swift */; };
		E2269D7B8B60E2A0882025AA /* apfs.m in Sources */ = {isa = PBXBuildFile; fileRef = 797DFBA07DCC9320399BC99F /* apfs.m */; };
		E2ADC7A9043AB6502A4E35F6 /* ContentView.swift in Sources */ = {isa = PBXBuildFile; fileRef = AAF0DB241A670081991552A3 /* ContentView.swift */; };
		E54322C1977F16B56F4F3DB8 /* VarCleanBridge.m in Sources */ = {isa = PBXBuildFile; fileRef = 6230613E1604EF6D325BEB2A /* VarCleanBridge.m */; };
		E99D712EE78CA8073C49821B /* respring.swift in Sources */ = {isa = PBXBuildFile; fileRef = A9BBF565E304760414833AF4 /* respring.swift */; };
		EACE3BBC19E7D884E62E6E2B /* PasscodeView.swift in Sources */ = {isa = PBXBuildFile; fileRef = A26C03F7E7A7E75077A96423 /* PasscodeView.swift */; };
		EB4E459C9A3FE037AE5F75FF /* IconCacheClearer.m in Sources */ = {isa = PBXBuildFile; fileRef = 51C4D580D4A8686D1CAF25E4 /* IconCacheClearer.m */; };
		EF90E28A7AE0CD45FE63245B /* VariableBlur.swift in Sources */ = {isa = PBXBuildFile; fileRef = 050CB7412FCEE07695ABA92A /* VariableBlur.swift */; };
		EFE0E8B819CC69F8DBC3637C /* PlainAlert.swift in Sources */ = {isa = PBXBuildFile; fileRef = EE48EF953CD0864CA464BAE3 /* PlainAlert.swift */; };
		F0A99A708FD88B91E4ED51C2 /* vfs.m in Sources */ = {isa = PBXBuildFile; fileRef = 7A92CE7743387903DDBFFC8C /* vfs.m */; };
		FC56341950E49BC1B371F8CD /* PlainToggle.swift in Sources */ = {isa = PBXBuildFile; fileRef = 43CAECD4EC49FE81132CCC5C /* PlainToggle.swift */; };
		FC8D4872BEB2F597360E124D /* TranslucentButtonStyle.swift in Sources */ = {isa = PBXBuildFile; fileRef = 35F4A280C5EAA61F467BEB2F /* TranslucentButtonStyle.swift */; };
/* End PBXBuildFile section */

/* Begin PBXFileReference section */
		0129BE13FBF985411B747C2A /* PlatterToggle.swift */ = {isa = PBXFileReference; lastKnownFileType = sourcecode.swift; path = PlatterToggle.swift; sourceTree = "<group>"; };
		02E20075BF872BFD95EB0A6E /* HeaderDropdown.swift */ = {isa = PBXFileReference; lastKnownFileType = sourcecode.swift; path = HeaderDropdown.swift; sourceTree = "<group>"; };
		039D284F496260AA52986467 /* Foundation.framework */ = {isa = PBXFileReference; lastKnownFileType = wrapper.framework; name = Foundation.framework; path = System/Library/Frameworks/Foundation.framework; sourceTree = SDKROOT; };
		050CB7412FCEE07695ABA92A /* VariableBlur.swift */ = {isa = PBXFileReference; lastKnownFileType = sourcecode.swift; path = VariableBlur.swift; sourceTree = "<group>"; };
		05AF074004C8A6B2B588FC91 /* GestaltFileView.swift */ = {isa = PBXFileReference; lastKnownFileType = sourcecode.swift; path = GestaltFileView.swift; sourceTree = "<group>"; };
		06481EFAF5F2217FAAF5763B /* Exitinator.swift */ = {isa = PBXFileReference; lastKnownFileType = sourcecode.swift; path = Exitinator.swift; sourceTree = "<group>"; };
		09A16D0CCA129CD34402ACAB /* Fat.h */ = {isa = PBXFileReference; lastKnownFileType = sourcecode.c.h; path = Fat.h; sourceTree = "<group>"; };
		09BE5060F2C9DFD730796B7E /* rc.h */ = {isa = PBXFileReference; lastKnownFileType = sourcecode.c.h; path = rc.h; sourceTree = "<group>"; };
		09E09CADCF84F1D6D51E5F20 /* vnode.m */ = {isa = PBXFileReference; lastKnownFileType = sourcecode.c.objc; path = vnode.m; sourceTree = "<group>"; };
		0B1831D0D49F9245F54EBDC6 /* compat.h */ = {isa = PBXFileReference; lastKnownFileType = sourcecode.c.h; path = compat.h; sourceTree = "<group>"; };
		109F3589876ADE5C6E415581 /* TerminalPlatter.swift */ = {isa = PBXFileReference; lastKnownFileType = sourcecode.swift; path = TerminalPlatter.swift; sourceTree = "<group>"; };
		1192B4ADC758F2FBE26A883A /* PasscodeExploreView.swift */ = {isa = PBXFileReference; lastKnownFileType = sourcecode.swift; path = PasscodeExploreView.swift; sourceTree = "<group>"; };
		18E32A7D29C4903FCC4F9BF3 /* RemoteCall.h */ = {isa = PBXFileReference; lastKnownFileType = sourcecode.c.h; path = RemoteCall.h; sourceTree = "<group>"; };
		1C129CE3C337B3F24408FAE2 /* DyldSharedCache.h */ = {isa = PBXFileReference; lastKnownFileType = sourcecode.c.h; path = DyldSharedCache.h; sourceTree = "<group>"; };
		1D1585E8B42B2495142BE67E /* Alertinator.swift */ = {isa = PBXFileReference; lastKnownFileType = sourcecode.swift; path = Alertinator.swift; sourceTree = "<group>"; };
		2046AE855EEB1C6D361886E0 /* vm.m */ = {isa = PBXFileReference; lastKnownFileType = sourcecode.c.objc; path = vm.m; sourceTree = "<group>"; };
		206327D869325194A5015A1B /* utils.h */ = {isa = PBXFileReference; lastKnownFileType = sourcecode.c.h; path = utils.h; sourceTree = "<group>"; };
		2329A0992D4982D4E144AB75 /* pac.h */ = {isa = PBXFileReference; lastKnownFileType = sourcecode.c.h; path = pac.h; sourceTree = "<group>"; };
		271735A3F681764690EA9704 /* LICENSE_libgrabkernel2.md */ = {isa = PBXFileReference; lastKnownFileType = net.daringfireball.markdown; path = LICENSE_libgrabkernel2.md; sourceTree = "<group>"; };
		2802001733517E9C6F44ADDE /* FileSystemHelpers.swift */ = {isa = PBXFileReference; lastKnownFileType = sourcecode.swift; path = FileSystemHelpers.swift; sourceTree = "<group>"; };
		28A34DEE4E3F623EFF26BA57 /* CompactAlert.swift */ = {isa = PBXFileReference; lastKnownFileType = sourcecode.swift; path = CompactAlert.swift; sourceTree = "<group>"; };
		2A8B286F9EE44EE34D17CFC5 /* libgrabkernel2.dylib */ = {isa = PBXFileReference; lastKnownFileType = "compiled.mach-o.dylib"; path = libgrabkernel2.dylib; sourceTree = "<group>"; };
		2CCACDCDA8A98A3AB0DD4B34 /* laramgr.swift */ = {isa = PBXFileReference; lastKnownFileType = sourcecode.swift; path = laramgr.swift; sourceTree = "<group>"; };
		2DAE2515228311435D9959EB /* MFSLauncher.h */ = {isa = PBXFileReference; lastKnownFileType = sourcecode.c.h; path = MFSLauncher.h; sourceTree = "<group>"; };
		2DD56EBEFF013417C64A6488 /* HeaderLabel.swift */ = {isa = PBXFileReference; lastKnownFileType = sourcecode.swift; path = HeaderLabel.swift; sourceTree = "<group>"; };
		2F2ABD3A4DC9796E9FFDD962 /* exc.h */ = {isa = PBXFileReference; lastKnownFileType = sourcecode.c.h; path = exc.h; sourceTree = "<group>"; };
		2F7F05561895AF15477C59D9 /* ButtonLabel.swift */ = {isa = PBXFileReference; lastKnownFileType = sourcecode.swift; path = ButtonLabel.swift; sourceTree = "<group>"; };
		313B84568EEAB9B642F60011 /* IconThemeManager.swift */ = {isa = PBXFileReference; lastKnownFileType = sourcecode.swift; path = IconThemeManager.swift; sourceTree = "<group>"; };
		31508EF562095117FB765FFF /* DowngradeView.swift */ = {isa = PBXFileReference; lastKnownFileType = sourcecode.swift; path = DowngradeView.swift; sourceTree = "<group>"; };
		324F7561FC82CAA514198CEB /* libgrabkernel2.h */ = {isa = PBXFileReference; lastKnownFileType = sourcecode.c.h; path = libgrabkernel2.h; sourceTree = "<group>"; };
		339B1CF19AFA09E650FAB6E6 /* decrypt.m */ = {isa = PBXFileReference; lastKnownFileType = sourcecode.c.objc; path = decrypt.m; sourceTree = "<group>"; };
		33D532921D34FC69522B5905 /* lara-Bridging-Header.h */ = {isa = PBXFileReference; lastKnownFileType = sourcecode.c.h; path = "lara-Bridging-Header.h"; sourceTree = "<group>"; };
		33FAD74D2D09DFD7CF1985FA /* vfs.h */ = {isa = PBXFileReference; lastKnownFileType = sourcecode.c.h; path = vfs.h; sourceTree = "<group>"; };
		3450D579B9EF6D1B24EA44AB /* sbx.h */ = {isa = PBXFileReference; lastKnownFileType = sourcecode.c.h; path = sbx.h; sourceTree = "<group>"; };
		35F4A280C5EAA61F467BEB2F /* TranslucentButtonStyle.swift */ = {isa = PBXFileReference; lastKnownFileType = sourcecode.swift; path = TranslucentButtonStyle.swift; sourceTree = "<group>"; };
		37FB4792E60B4F968016E9C6 /* Hapticinator.swift */ = {isa = PBXFileReference; lastKnownFileType = sourcecode.swift; path = Hapticinator.swift; sourceTree = "<group>"; };
		3B986733D3F9E2A85C6B4DB7 /* resizetoapprox.swift */ = {isa = PBXFileReference; lastKnownFileType = sourcecode.swift; path = resizetoapprox.swift; sourceTree = "<group>"; };
		3C989876DB6E112F7F3C3698 /* Entitlements.h */ = {isa = PBXFileReference; lastKnownFileType = sourcecode.c.h; path = Entitlements.h; sourceTree = "<group>"; };
		3F975F92D7C580260B59024B /* MachOByteOrder.h */ = {isa = PBXFileReference; lastKnownFileType = sourcecode.c.h; path = MachOByteOrder.h; sourceTree = "<group>"; };
		3FDA4A99A12D2CB225EB22B5 /* RemoteView.swift */ = {isa = PBXFileReference; lastKnownFileType = sourcecode.swift; path = RemoteView.swift; sourceTree = "<group>"; };
		4091B993EEB2CE55D9340FD1 /* getbmhash.swift */ = {isa = PBXFileReference; lastKnownFileType = sourcecode.swift; path = getbmhash.swift; sourceTree = "<group>"; };
		410B1EDE3D870185074F65BC /* UIKit.framework */ = {isa = PBXFileReference; lastKnownFileType = wrapper.framework; name = UIKit.framework; path = System/Library/Frameworks/UIKit.framework; sourceTree = SDKROOT; };
		43CAECD4EC49FE81132CCC5C /* PlainToggle.swift */ = {isa = PBXFileReference; lastKnownFileType = sourcecode.swift; path = PlainToggle.swift; sourceTree = "<group>"; };
		448609047BB8D112B7E99BFA /* PartyUI.swift */ = {isa = PBXFileReference; lastKnownFileType = sourcecode.swift; path = PartyUI.swift; sourceTree = "<group>"; };
		4520C39A67B4B53F2535B2FC /* PrimaryButtonStyle.swift */ = {isa = PBXFileReference; lastKnownFileType = sourcecode.swift; path = PrimaryButtonStyle.swift; sourceTree = "<group>"; };
		4759F640E231F564F06DB0F5 /* Shareinator.swift */ = {isa = PBXFileReference; lastKnownFileType = sourcecode.swift; path = Shareinator.swift; sourceTree = "<group>"; };
		47A521EB489F34847F77161C /* thread.h */ = {isa = PBXFileReference; lastKnownFileType = sourcecode.c.h; path = thread.h; sourceTree = "<group>"; };
		48E6FC849E553C68E397984C /* lara.entitlements */ = {isa = PBXFileReference; lastKnownFileType = text.plist.entitlements; path = lara.entitlements; sourceTree = "<group>"; };
		4A33766163693DFAA30D772A /* decrypt.h */ = {isa = PBXFileReference; lastKnownFileType = sourcecode.c.h; path = decrypt.h; sourceTree = "<group>"; };
		504D22E7D14EDDCBB8ED9F44 /* VarCleanView.swift */ = {isa = PBXFileReference; lastKnownFileType = sourcecode.swift; path = VarCleanView.swift; sourceTree = "<group>"; };
		50BE8150155CA9C3A965F3D4 /* IconThemeGalleryManager.swift */ = {isa = PBXFileReference; lastKnownFileType = sourcecode.swift; path = IconThemeGalleryManager.swift; sourceTree = "<group>"; };
		51BF1E07A44069A4B21B39EE /* xpf.h */ = {isa = PBXFileReference; lastKnownFileType = sourcecode.c.h; path = xpf.h; sourceTree = "<group>"; };
		51C4D580D4A8686D1CAF25E4 /* IconCacheClearer.m */ = {isa = PBXFileReference; lastKnownFileType = sourcecode.c.objc; path = IconCacheClearer.m; sourceTree = "<group>"; };
		52820EE5F1FB5FE56093F4E7 /* SystemColor.swift */ = {isa = PBXFileReference; lastKnownFileType = sourcecode.swift; path = SystemColor.swift; sourceTree = "<group>"; };
		5A300D3F6ED3397BE1E6AD87 /* utils.m */ = {isa = PBXFileReference; lastKnownFileType = sourcecode.c.objc; path = utils.m; sourceTree = "<group>"; };
		5C21F0DFD8E929D2ADD2FFE8 /* apfs.h */ = {isa = PBXFileReference; lastKnownFileType = sourcecode.c.h; path = apfs.h; sourceTree = "<group>"; };
		60E947B3676E84C6A668511C /* VarCleanRules.json */ = {isa = PBXFileReference; lastKnownFileType = text.json; path = VarCleanRules.json; sourceTree = "<group>"; };
		617E864CD832D1D3839429F0 /* persistence.h */ = {isa = PBXFileReference; lastKnownFileType = sourcecode.c.h; path = persistence.h; sourceTree = "<group>"; };
		61F528F680617A48C3CAB181 /* CreditsView.swift */ = {isa = PBXFileReference; lastKnownFileType = sourcecode.swift; path = CreditsView.swift; sourceTree = "<group>"; };
		6230613E1604EF6D325BEB2A /* VarCleanBridge.m */ = {isa = PBXFileReference; lastKnownFileType = sourcecode.c.objc; path = VarCleanBridge.m; sourceTree = "<group>"; };
		6337EE02AC0706717DFA252A /* libxpf.dylib */ = {isa = PBXFileReference; lastKnownFileType = "compiled.mach-o.dylib"; path = libxpf.dylib; sourceTree = "<group>"; };
		63638FA82C9DE5B6CFE2B370 /* findcachedataoff.m */ = {isa = PBXFileReference; lastKnownFileType = sourcecode.c.objc; path = findcachedataoff.m; sourceTree = "<group>"; };
		67D100779B0FB585D07A7A01 /* PasscodeGalleryManager.swift */ = {isa = PBXFileReference; lastKnownFileType = sourcecode.swift; path = PasscodeGalleryManager.swift; sourceTree = "<group>"; };
		68FA57A36233679708C5E468 /* media.xcassets */ = {isa = PBXFileReference; lastKnownFileType = folder.assetcatalog; path = media.xcassets; sourceTree = "<group>"; };
		69469C9463D12D344AD3B00F /* MachOLoadCommand.h */ = {isa = PBXFileReference; lastKnownFileType = sourcecode.c.h; path = MachOLoadCommand.h; sourceTree = "<group>"; };
		69CB9CC7CA7C437D5204AD77 /* thread.m */ = {isa = PBXFileReference; lastKnownFileType = sourcecode.c.objc; path = thread.m; sourceTree = "<group>"; };
		6C46703C2B4072AEF8703349 /* arm64.h */ = {isa = PBXFileReference; lastKnownFileType = sourcecode.c.h; path = arm64.h; sourceTree = "<group>"; };
		6DDC13CBAF6359B957D0E46D /* DesignStyle.swift */ = {isa = PBXFileReference; lastKnownFileType = sourcecode.swift; path = DesignStyle.swift; sourceTree = "<group>"; };
		6E62F26B0EFC75ABBC536306 /* CustomView.swift */ = {isa = PBXFileReference; lastKnownFileType = sourcecode.swift; path = CustomView.swift; sourceTree = "<group>"; };
		6EB9E3ACD25477A782F14650 /* AppInfo.swift */ = {isa = PBXFileReference; lastKnownFileType = sourcecode.swift; path = AppInfo.swift; sourceTree = "<group>"; };
		6FD2D7416B6AA7CE5E184223 /* vm.h */ = {isa = PBXFileReference; lastKnownFileType = sourcecode.c.h; path = vm.h; sourceTree = "<group>"; };
		71B66224C5948251B6008EC4 /* Info.plist */ = {isa = PBXFileReference; lastKnownFileType = text.plist; path = Info.plist; sourceTree = "<group>"; };
		73D525CF14505CE9B85FD317 /* FileView.swift */ = {isa = PBXFileReference; lastKnownFileType = sourcecode.swift; path = FileView.swift; sourceTree = "<group>"; };
		76499B80F81B730D6740F4B4 /* DarkBoardExploreView.swift */ = {isa = PBXFileReference; lastKnownFileType = sourcecode.swift; path = DarkBoardExploreView.swift; sourceTree = "<group>"; };
		768497842E4AA9851BF6D449 /* LICENSE_ChOma.md */ = {isa = PBXFileReference; lastKnownFileType = net.daringfireball.markdown; path = LICENSE_ChOma.md; sourceTree = "<group>"; };
		7716BA871D7E897964A49CBD /* pac.m */ = {isa = PBXFileReference; lastKnownFileType = sourcecode.c.objc; path = pac.m; sourceTree = "<group>"; };
		785FE68237A73C050C69066D /* lara.swift */ = {isa = PBXFileReference; lastKnownFileType = sourcecode.swift; path = lara.swift; sourceTree = "<group>"; };
		791AEB9809EE46375BD53FF9 /* FileStream.h */ = {isa = PBXFileReference; lastKnownFileType = sourcecode.c.h; path = FileStream.h; sourceTree = "<group>"; };
		797DFBA07DCC9320399BC99F /* apfs.m */ = {isa = PBXFileReference; lastKnownFileType = sourcecode.c.objc; path = apfs.m; sourceTree = "<group>"; };
		7A92CE7743387903DDBFFC8C /* vfs.m */ = {isa = PBXFileReference; lastKnownFileType = sourcecode.c.objc; path = vfs.m; sourceTree = "<group>"; };
		7ADF625620559A728F4B333A /* Logger.swift */ = {isa = PBXFileReference; lastKnownFileType = sourcecode.swift; path = Logger.swift; sourceTree = "<group>"; };
		7BA3C630C1E593EDD9E2D17D /* WhitelistView.swift */ = {isa = PBXFileReference; lastKnownFileType = sourcecode.swift; path = WhitelistView.swift; sourceTree = "<group>"; };
		7DBB848FB87528D0CF3FD7AD /* isdebugged.swift */ = {isa = PBXFileReference; lastKnownFileType = sourcecode.swift; path = isdebugged.swift; sourceTree = "<group>"; };
		7DC3E2446E97ECC921D3AE94 /* offsets.h */ = {isa = PBXFileReference; lastKnownFileType = sourcecode.c.h; path = offsets.h; sourceTree = "<group>"; };
		82024AEA6B518B3DBE4DB4C3 /* ToolsView.swift */ = {isa = PBXFileReference; lastKnownFileType = sourcecode.swift; path = ToolsView.swift; sourceTree = "<group>"; };
		85027CF0242D31D84A9044B5 /* WelcomeSheetView.swift */ = {isa = PBXFileReference; lastKnownFileType = sourcecode.swift; path = WelcomeSheetView.swift; sourceTree = "<group>"; };
		856E29C9498293E1D9BB09CA /* NavigationLabel.swift */ = {isa = PBXFileReference; lastKnownFileType = sourcecode.swift; path = NavigationLabel.swift; sourceTree = "<group>"; };
		86610E6990066EDFE2B5D96B /* rc.m */ = {isa = PBXFileReference; lastKnownFileType = sourcecode.c.objc; path = rc.m; sourceTree = "<group>"; };
		87B5A7075908DD63D2DB887E /* CardView.swift */ = {isa = PBXFileReference; lastKnownFileType = sourcecode.swift; path = CardView.swift; sourceTree = "<group>"; };
		89A63DFE1599F38E1462D5C4 /* CachePatching.h */ = {isa = PBXFileReference; lastKnownFileType = sourcecode.c.h; path = CachePatching.h; sourceTree = "<group>"; };
		8B4C39921AD4AFB152FAEF11 /* isunsupported.swift */ = {isa = PBXFileReference; lastKnownFileType = sourcecode.swift; path = isunsupported.swift; sourceTree = "<group>"; };
		8D042B272B261DE4B19A7351 /* SectionPlatter.swift */ = {isa = PBXFileReference; lastKnownFileType = sourcecode.swift; path = SectionPlatter.swift; sourceTree = "<group>"; };
		8E180A1D7D4F04BBA1C018F5 /* LiquidGlassView.swift */ = {isa = PBXFileReference; lastKnownFileType = sourcecode.swift; path = LiquidGlassView.swift; sourceTree = "<group>"; };
		92C2A1D1BCFA40230A63C752 /* helpers.swift */ = {isa = PBXFileReference; lastKnownFileType = sourcecode.swift; path = helpers.swift; sourceTree = "<group>"; };
		9333BB39BB98C3DB063648A1 /* WelcomeSheetRow.swift */ = {isa = PBXFileReference; lastKnownFileType = sourcecode.swift; path = WelcomeSheetRow.swift; sourceTree = "<group>"; };
		986EBE17846F5764D1456F88 /* SettingsView.swift */ = {isa = PBXFileReference; lastKnownFileType = sourcecode.swift; path = SettingsView.swift; sourceTree = "<group>"; };
		9912C39D41DA5EB8985DBB12 /* OffsetManagementView.swift */ = {isa = PBXFileReference; lastKnownFileType = sourcecode.swift; path = OffsetManagementView.swift; sourceTree = "<group>"; };
		99CF547D66CF02B4B4DFA30C /* MachO.h */ = {isa = PBXFileReference; lastKnownFileType = sourcecode.c.h; path = MachO.h; sourceTree = "<group>"; };
		9A0DFFF78EC16693AD2A1DD1 /* dyld_cache_format.h */ = {isa = PBXFileReference; lastKnownFileType = sourcecode.c.h; path = dyld_cache_format.h; sourceTree = "<group>"; };
		9C010243976A7D404529C206 /* SantanderView.swift */ = {isa = PBXFileReference; lastKnownFileType = sourcecode.swift; path = SantanderView.swift; sourceTree = "<group>"; };
		9ECAEE9B34FB3DCF3A9756AA /* LICENSE_XPF.md */ = {isa = PBXFileReference; lastKnownFileType = net.daringfireball.markdown; path = LICENSE_XPF.md; sourceTree = "<group>"; };
		A26C03F7E7A7E75077A96423 /* PasscodeView.swift */ = {isa = PBXFileReference; lastKnownFileType = sourcecode.swift; path = PasscodeView.swift; sourceTree = "<group>"; };
		A715CAB6E1EC98EB726ED515 /* TweaksView.swift */ = {isa = PBXFileReference; lastKnownFileType = sourcecode.swift; path = TweaksView.swift; sourceTree = "<group>"; };
		A9376E035DE98BB605BE0C76 /* BufferedStream.h */ = {isa = PBXFileReference; lastKnownFileType = sourcecode.c.h; path = BufferedStream.h; sourceTree = "<group>"; };
		A9BBF565E304760414833AF4 /* respring.swift */ = {isa = PBXFileReference; lastKnownFileType = sourcecode.swift; path = respring.swift; sourceTree = "<group>"; };
		AA25AF8322F8AF8EA8DCFFF3 /* FileInfoSheet.swift */ = {isa = PBXFileReference; lastKnownFileType = sourcecode.swift; path = FileInfoSheet.swift; sourceTree = "<group>"; };
		AAAF3E2619E3D32C626EC2FA /* Base64.h */ = {isa = PBXFileReference; lastKnownFileType = sourcecode.c.h; path = Base64.h; sourceTree = "<group>"; };
		AAF0DB241A670081991552A3 /* ContentView.swift */ = {isa = PBXFileReference; lastKnownFileType = sourcecode.swift; path = ContentView.swift; sourceTree = "<group>"; };
		AB1D7F2548CF401DFC9DC9B5 /* PatchFinder_arm64.h */ = {isa = PBXFileReference; lastKnownFileType = sourcecode.c.h; path = PatchFinder_arm64.h; sourceTree = "<group>"; };
		AB6983282C48A1F9D8916495 /* DecryptView.swift */ = {isa = PBXFileReference; lastKnownFileType = sourcecode.swift; path = DecryptView.swift; sourceTree = "<group>"; };
		ACDE5186BD4FAC6C884D6EC3 /* GestaltView.swift */ = {isa = PBXFileReference; lastKnownFileType = sourcecode.swift; path = GestaltView.swift; sourceTree = "<group>"; };
		ADC09F6065726F4669F88037 /* CodeDirectory.h */ = {isa = PBXFileReference; lastKnownFileType = sourcecode.c.h; path = CodeDirectory.h; sourceTree = "<group>"; };
		AE2331E0F7B3D823CA15DF72 /* lara.png */ = {isa = PBXFileReference; lastKnownFileType = image.png; path = lara.png; sourceTree = "<group>"; };
		AECB19A4F9FC77C7B0D6365A /* DirectoryView.swift */ = {isa = PBXFileReference; lastKnownFileType = sourcecode.swift; path = DirectoryView.swift; sourceTree = "<group>"; };
		AFB9087BA044BC50F21C5AE0 /* OverlayBackground.swift */ = {isa = PBXFileReference; lastKnownFileType = sourcecode.swift; path = OverlayBackground.swift; sourceTree = "<group>"; };
		B11064A0B5EBD6B7A2D05021 /* TinyInfoPlatter.swift */ = {isa = PBXFileReference; lastKnownFileType = sourcecode.swift; path = TinyInfoPlatter.swift; sourceTree = "<group>"; };
		B1650DE9DA6D35D51EE63DA2 /* Lara.app */ = {isa = PBXFileReference; includeInIndex = 0; lastKnownFileType = wrapper.application; path = Lara.app; sourceTree = BUILT_PRODUCTS_DIR; };
		B1DA3FB34E314A468E26E1D9 /* DarkBoardView.swift */ = {isa = PBXFileReference; lastKnownFileType = sourcecode.swift; path = DarkBoardView.swift; sourceTree = "<group>"; };
		B2BA68871A9D11BCFDC2AE71 /* persistence.m */ = {isa = PBXFileReference; lastKnownFileType = sourcecode.c.objc; path = persistence.m; sourceTree = "<group>"; };
		B313F5BE4CA5427B76F38EAD /* ThemedHeaderLabel.swift */ = {isa = PBXFileReference; lastKnownFileType = sourcecode.swift; path = ThemedHeaderLabel.swift; sourceTree = "<group>"; };
		B447AC3664839765F3679082 /* Util.h */ = {isa = PBXFileReference; lastKnownFileType = sourcecode.c.h; path = Util.h; sourceTree = "<group>"; };
		B4D9E99A44EA3E29445991F5 /* LiquidGlassPreview.swift */ = {isa = PBXFileReference; lastKnownFileType = sourcecode.swift; path = LiquidGlassPreview.swift; sourceTree = "<group>"; };
		B5A1457B7D98C0DDC65ACC3B /* fileport.h */ = {isa = PBXFileReference; lastKnownFileType = sourcecode.c.h; path = fileport.h; sourceTree = "<group>"; };
		BB016623AE10E3896FEF50AF /* fixup-chains.h */ = {isa = PBXFileReference; lastKnownFileType = sourcecode.c.h; path = "fixup-chains.h"; sourceTree = "<group>"; };
		BE9A352A1DB7185C1B3E0CA8 /* MemoryStream.h */ = {isa = PBXFileReference; lastKnownFileType = sourcecode.c.h; path = MemoryStream.h; sourceTree = "<group>"; };
		BF1C05825EDB2BD4FDD78E0F /* TinyButtonStyle.swift */ = {isa = PBXFileReference; lastKnownFileType = sourcecode.swift; path = TinyButtonStyle.swift; sourceTree = "<group>"; };
		C1486DA5CC57449B23F1C1A8 /* InfoBadge.swift */ = {isa = PBXFileReference; lastKnownFileType = sourcecode.swift; path = InfoBadge.swift; sourceTree = "<group>"; };
		C92D97E7B28FC21CDB6394CC /* dirtyZeroView.swift */ = {isa = PBXFileReference; lastKnownFileType = sourcecode.swift; path = dirtyZeroView.swift; sourceTree = "<group>"; };
		CB0E8E3EC140E01DA032363F /* darksword.h */ = {isa = PBXFileReference; lastKnownFileType = sourcecode.c.h; path = darksword.h; sourceTree = "<group>"; };
		CBFD358E70EC405DE82C3960 /* zipmgr.swift */ = {isa = PBXFileReference; lastKnownFileType = sourcecode.swift; path = zipmgr.swift; sourceTree = "<group>"; };
		CCBDBA2B5E35715A5E9EF977 /* FontPicker.swift */ = {isa = PBXFileReference; lastKnownFileType = sourcecode.swift; path = FontPicker.swift; sourceTree = "<group>"; };
		CCE96D7B86A8F7D41967A7BC /* SBCustomizerHandler.swift */ = {isa = PBXFileReference; lastKnownFileType = sourcecode.swift; path = SBCustomizerHandler.swift; sourceTree = "<group>"; };
		CD0D193753BA74B811063956 /* fetchkcache.swift */ = {isa = PBXFileReference; lastKnownFileType = sourcecode.swift; path = fetchkcache.swift; sourceTree = "<group>"; };
		CDBEF40DFD6AA5F5A0B9433C /* LicenseView.swift */ = {isa = PBXFileReference; lastKnownFileType = sourcecode.swift; path = LicenseView.swift; sourceTree = "<group>"; };
		CDDF9E94BDE594CDE4DC0D0C /* GetLicenseDict.swift */ = {isa = PBXFileReference; lastKnownFileType = sourcecode.swift; path = GetLicenseDict.swift; sourceTree = "<group>"; };
		D2ED109B18B57340D5F23066 /* RemoteCall.m */ = {isa = PBXFileReference; lastKnownFileType = sourcecode.c.objc; path = RemoteCall.m; sourceTree = "<group>"; };
		D714CE75040A9A3A983B36BE /* vnode.h */ = {isa = PBXFileReference; lastKnownFileType = sourcecode.c.h; path = vnode.h; sourceTree = "<group>"; };
		D7767AE9E778CDC4652EE1AA /* AppsView.swift */ = {isa = PBXFileReference; lastKnownFileType = sourcecode.swift; path = AppsView.swift; sourceTree = "<group>"; };
		D7EDCF42DD25E81E04542CF0 /* TextFieldBackground.swift */ = {isa = PBXFileReference; lastKnownFileType = sourcecode.swift; path = TextFieldBackground.swift; sourceTree = "<group>"; };
		DA8DA1F400219CB3E2BB0ED3 /* SpringBoardView.swift */ = {isa = PBXFileReference; lastKnownFileType = sourcecode.swift; path = SpringBoardView.swift; sourceTree = "<group>"; };
		DD123A4DC76BB7C0734B5AE9 /* darksword.m */ = {isa = PBXFileReference; lastKnownFileType = sourcecode.c.objc; path = darksword.m; sourceTree = "<group>"; };
		DD7F3DC66742B927E18E4F84 /* libmuffinstore.dylib */ = {isa = PBXFileReference; lastKnownFileType = "compiled.mach-o.dylib"; path = libmuffinstore.dylib; sourceTree = "<group>"; };
		DDB02794349F88F9FD65ADEE /* LinkCreditCell.swift */ = {isa = PBXFileReference; lastKnownFileType = sourcecode.swift; path = LinkCreditCell.swift; sourceTree = "<group>"; };
		DDB2DDE4EBFD521AEA126223 /* dirtyZeroTweakArray.swift */ = {isa = PBXFileReference; lastKnownFileType = sourcecode.swift; path = dirtyZeroTweakArray.swift; sourceTree = "<group>"; };
		DF63A96A2904C5BAA9C6E491 /* CCView.swift */ = {isa = PBXFileReference; lastKnownFileType = sourcecode.swift; path = CCView.swift; sourceTree = "<group>"; };
		E39629D147580074F13782D6 /* privateapi.h */ = {isa = PBXFileReference; lastKnownFileType = sourcecode.c.h; path = privateapi.h; sourceTree = "<group>"; };
		E497648156C6CAAA87EEE6CB /* DER.h */ = {isa = PBXFileReference; lastKnownFileType = sourcecode.c.h; path = DER.h; sourceTree = "<group>"; };
		E4F25FF1C3F48BDC5E6BB728 /* exc.m */ = {isa = PBXFileReference; lastKnownFileType = sourcecode.c.objc; path = exc.m; sourceTree = "<group>"; };
		E56A2ABB4902D8C97C35DF1C /* FancyButtonStyle.swift */ = {isa = PBXFileReference; lastKnownFileType = sourcecode.swift; path = FancyButtonStyle.swift; sourceTree = "<group>"; };
		E5D20EE9A5D02B2AE40EBBF1 /* LogsView.swift */ = {isa = PBXFileReference; lastKnownFileType = sourcecode.swift; path = LogsView.swift; sourceTree = "<group>"; };
		E6A7B0366B3E502209C65E24 /* xpaci.h */ = {isa = PBXFileReference; lastKnownFileType = sourcecode.c.h; path = xpaci.h; sourceTree = "<group>"; };
		E94088E0CD65B0F97BC353BA /* AppInfoCell.swift */ = {isa = PBXFileReference; lastKnownFileType = sourcecode.swift; path = AppInfoCell.swift; sourceTree = "<group>"; };
		EDC9360B2E647660F1BD443F /* offsets.m */ = {isa = PBXFileReference; lastKnownFileType = sourcecode.c.objc; path = offsets.m; sourceTree = "<group>"; };
		EDF19B2325FE621BF70AC862 /* IconServices.h */ = {isa = PBXFileReference; lastKnownFileType = sourcecode.c.h; path = IconServices.h; sourceTree = "<group>"; };
		EE48EF953CD0864CA464BAE3 /* PlainAlert.swift */ = {isa = PBXFileReference; lastKnownFileType = sourcecode.swift; path = PlainAlert.swift; sourceTree = "<group>"; };
		EF3BD740DFB941A63B1FE9D3 /* PasscodeRepoView.swift */ = {isa = PBXFileReference; lastKnownFileType = sourcecode.swift; path = PasscodeRepoView.swift; sourceTree = "<group>"; };
		F2807342CC8396EA700E7626 /* JitView.swift */ = {isa = PBXFileReference; lastKnownFileType = sourcecode.swift; path = JitView.swift; sourceTree = "<group>"; };
		F38D7E7F1709C9604A68BEC9 /* CSBlob.h */ = {isa = PBXFileReference; lastKnownFileType = sourcecode.c.h; path = CSBlob.h; sourceTree = "<group>"; };
		F506183C2CFD8D7D0FA1322D /* Host.h */ = {isa = PBXFileReference; lastKnownFileType = sourcecode.c.h; path = Host.h; sourceTree = "<group>"; };
		F50A3C705DF2F98AC63AA699 /* keepalive.swift */ = {isa = PBXFileReference; lastKnownFileType = sourcecode.swift; path = keepalive.swift; sourceTree = "<group>"; };
		F6D6CB952FC4C65F5FB543A5 /* islcinstalled.swift */ = {isa = PBXFileReference; lastKnownFileType = sourcecode.swift; path = islcinstalled.swift; sourceTree = "<group>"; };
		F742E837A76B006F367ABC15 /* PatchFinder.h */ = {isa = PBXFileReference; lastKnownFileType = sourcecode.c.h; path = PatchFinder.h; sourceTree = "<group>"; };
		F7BDDFA67F1109816C300F1E /* sbx.m */ = {isa = PBXFileReference; lastKnownFileType = sourcecode.c.objc; path = sbx.m; sourceTree = "<group>"; };
		FA7E2153C056C5EA2C6A6787 /* TerminalHeader.swift */ = {isa = PBXFileReference; lastKnownFileType = sourcecode.swift; path = TerminalHeader.swift; sourceTree = "<group>"; };
		FC1E023273418CB9CB879FFF /* FadeAnimation.swift */ = {isa = PBXFileReference; lastKnownFileType = sourcecode.swift; path = FadeAnimation.swift; sourceTree = "<group>"; };
		FC6F541C56EDB4F0D04D7442 /* LICENSE_RootHideManagerApp.md */ = {isa = PBXFileReference; lastKnownFileType = net.daringfireball.markdown; path = LICENSE_RootHideManagerApp.md; sourceTree = "<group>"; };
		FEA8884199D9A76305CFBFB7 /* TextFieldButton.swift */ = {isa = PBXFileReference; lastKnownFileType = sourcecode.swift; path = TextFieldButton.swift; sourceTree = "<group>"; };
/* End PBXFileReference section */

/* Begin PBXFrameworksBuildPhase section */
		77D3CA82B4C410701CD229E2 /* Frameworks */ = {
			isa = PBXFrameworksBuildPhase;
			buildActionMask = 2147483647;
			files = (
				47D68AE445E6E3C1B521A735 /* UIKit.framework in Frameworks */,
				9D957E103626718DF86289DF /* Foundation.framework in Frameworks */,
			);
			runOnlyForDeploymentPostprocessing = 0;
		};
/* End PBXFrameworksBuildPhase section */

/* Begin PBXGroup section */
		0731B4811AB8A4261C149BD3 /* Inputs */ = {
			isa = PBXGroup;
			children = (
				43CAECD4EC49FE81132CCC5C /* PlainToggle.swift */,
				0129BE13FBF985411B747C2A /* PlatterToggle.swift */,
				D7EDCF42DD25E81E04542CF0 /* TextFieldBackground.swift */,
				FEA8884199D9A76305CFBFB7 /* TextFieldButton.swift */,
			);
			path = Inputs;
			sourceTree = "<group>";
		};
		07BAC61DA1B8AB72CF48FFA8 /* TaskRop */ = {
			isa = PBXGroup;
			children = (
				2F2ABD3A4DC9796E9FFDD962 /* exc.h */,
				E4F25FF1C3F48BDC5E6BB728 /* exc.m */,
				63638FA82C9DE5B6CFE2B370 /* findcachedataoff.m */,
				2329A0992D4982D4E144AB75 /* pac.h */,
				7716BA871D7E897964A49CBD /* pac.m */,
				E39629D147580074F13782D6 /* privateapi.h */,
				18E32A7D29C4903FCC4F9BF3 /* RemoteCall.h */,
				D2ED109B18B57340D5F23066 /* RemoteCall.m */,
				47A521EB489F34847F77161C /* thread.h */,
				69CB9CC7CA7C437D5204AD77 /* thread.m */,
				6FD2D7416B6AA7CE5E184223 /* vm.h */,
				2046AE855EEB1C6D361886E0 /* vm.m */,
			);
			path = TaskRop;
			sourceTree = "<group>";
		};
		096D912C986A1ECDD4AE9C57 /* broken */ = {
			isa = PBXGroup;
			children = (
				DF63A96A2904C5BAA9C6E491 /* CCView.swift */,
				97E7B95F214CEA3C04F0AC58 /* darkboard */,
			);
			path = broken;
			sourceTree = "<group>";
		};
		09B6EF0B45C55F479407D990 /* Terminal */ = {
			isa = PBXGroup;
			children = (
				FA7E2153C056C5EA2C6A6787 /* TerminalHeader.swift */,
				109F3589876ADE5C6E415581 /* TerminalPlatter.swift */,
			);
			path = Terminal;
			sourceTree = "<group>";
		};
		0D159B4E42377C38FDD14E18 /* tweaks */ = {
			isa = PBXGroup;
			children = (
				D7767AE9E778CDC4652EE1AA /* AppsView.swift */,
				87B5A7075908DD63D2DB887E /* CardView.swift */,
				6E62F26B0EFC75ABBC536306 /* CustomView.swift */,
				AB6983282C48A1F9D8916495 /* DecryptView.swift */,
				31508EF562095117FB765FFF /* DowngradeView.swift */,
				CCBDBA2B5E35715A5E9EF977 /* FontPicker.swift */,
				F2807342CC8396EA700E7626 /* JitView.swift */,
				3FDA4A99A12D2CB225EB22B5 /* RemoteView.swift */,
				52820EE5F1FB5FE56093F4E7 /* SystemColor.swift */,
				82024AEA6B518B3DBE4DB4C3 /* ToolsView.swift */,
				A715CAB6E1EC98EB726ED515 /* TweaksView.swift */,
				504D22E7D14EDDCBB8ED9F44 /* VarCleanView.swift */,
				7BA3C630C1E593EDD9E2D17D /* WhitelistView.swift */,
				096D912C986A1ECDD4AE9C57 /* broken */,
				F1B195CE1E819A5C7256ED05 /* dirtyZero */,
				94239040D8A11FC1A668FCE4 /* liquidglass */,
				8855FA399F2E0D870F89E63A /* mobilegestalt */,
				1CF2706A6E532F38D6DD625F /* passcode */,
				BCB9166DBD1D0FB1A634265E /* sbcustomizer */,
			);
			path = tweaks;
			sourceTree = "<group>";
		};
		0E9B667B7F6DF2F65554368C /* app */ = {
			isa = PBXGroup;
			children = (
				AAF0DB241A670081991552A3 /* ContentView.swift */,
				E5D20EE9A5D02B2AE40EBBF1 /* LogsView.swift */,
				A89E6CF98559C612AA19E5CE /* settings */,
			);
			path = app;
			sourceTree = "<group>";
		};
		1CF2706A6E532F38D6DD625F /* passcode */ = {
			isa = PBXGroup;
			children = (
				1192B4ADC758F2FBE26A883A /* PasscodeExploreView.swift */,
				EF3BD740DFB941A63B1FE9D3 /* PasscodeRepoView.swift */,
				A26C03F7E7A7E75077A96423 /* PasscodeView.swift */,
			);
			path = passcode;
			sourceTree = "<group>";
		};
		201E76134F22499BFD3DF53F /* Buttons */ = {
			isa = PBXGroup;
			children = (
				2F7F05561895AF15477C59D9 /* ButtonLabel.swift */,
				E56A2ABB4902D8C97C35DF1C /* FancyButtonStyle.swift */,
				856E29C9498293E1D9BB09CA /* NavigationLabel.swift */,
				4520C39A67B4B53F2535B2FC /* PrimaryButtonStyle.swift */,
				BF1C05825EDB2BD4FDD78E0F /* TinyButtonStyle.swift */,
				35F4A280C5EAA61F467BEB2F /* TranslucentButtonStyle.swift */,
			);
			path = Buttons;
			sourceTree = "<group>";
		};
		23942EEA65BBA190D901B7D2 /* choma */ = {
			isa = PBXGroup;
			children = (
				6C46703C2B4072AEF8703349 /* arm64.h */,
				AAAF3E2619E3D32C626EC2FA /* Base64.h */,
				A9376E035DE98BB605BE0C76 /* BufferedStream.h */,
				89A63DFE1599F38E1462D5C4 /* CachePatching.h */,
				ADC09F6065726F4669F88037 /* CodeDirectory.h */,
				F38D7E7F1709C9604A68BEC9 /* CSBlob.h */,
				E497648156C6CAAA87EEE6CB /* DER.h */,
				9A0DFFF78EC16693AD2A1DD1 /* dyld_cache_format.h */,
				1C129CE3C337B3F24408FAE2 /* DyldSharedCache.h */,
				3C989876DB6E112F7F3C3698 /* Entitlements.h */,
				09A16D0CCA129CD34402ACAB /* Fat.h */,
				791AEB9809EE46375BD53FF9 /* FileStream.h */,
				BB016623AE10E3896FEF50AF /* fixup-chains.h */,
				F506183C2CFD8D7D0FA1322D /* Host.h */,
				99CF547D66CF02B4B4DFA30C /* MachO.h */,
				3F975F92D7C580260B59024B /* MachOByteOrder.h */,
				69469C9463D12D344AD3B00F /* MachOLoadCommand.h */,
				BE9A352A1DB7185C1B3E0CA8 /* MemoryStream.h */,
				AB1D7F2548CF401DFC9DC9B5 /* PatchFinder_arm64.h */,
				F742E837A76B006F367ABC15 /* PatchFinder.h */,
				B447AC3664839765F3679082 /* Util.h */,
			);
			path = choma;
			sourceTree = "<group>";
		};
		48AB90CB037F435485C6047D /* Settings */ = {
			isa = PBXGroup;
			children = (
				E94088E0CD65B0F97BC353BA /* AppInfoCell.swift */,
				CDDF9E94BDE594CDE4DC0D0C /* GetLicenseDict.swift */,
				CDBEF40DFD6AA5F5A0B9433C /* LicenseView.swift */,
				DDB02794349F88F9FD65ADEE /* LinkCreditCell.swift */,
			);
			path = Settings;
			sourceTree = "<group>";
		};
		4A3D6651E821914BC1DA4474 /* Indicators */ = {
			isa = PBXGroup;
			children = (
				28A34DEE4E3F623EFF26BA57 /* CompactAlert.swift */,
				C1486DA5CC57449B23F1C1A8 /* InfoBadge.swift */,
				EE48EF953CD0864CA464BAE3 /* PlainAlert.swift */,
				B11064A0B5EBD6B7A2D05021 /* TinyInfoPlatter.swift */,
			);
			path = Indicators;
			sourceTree = "<group>";
		};
		4BE43909AB102BC654C3AA36 /* lara */ = {
			isa = PBXGroup;
			children = (
				71B66224C5948251B6008EC4 /* Info.plist */,
				33D532921D34FC69522B5905 /* lara-Bridging-Header.h */,
				785FE68237A73C050C69066D /* lara.swift */,
				E6D45AD3A84FDFFB26A63642 /* assets */,
				761E02C29DBA3FA091780A05 /* classes */,
				BD4923F18700F649F4B199C9 /* funcs */,
				B8439178F75BD677E46A1DE7 /* headers */,
				9FC4F095CD4B29F2EBA790C6 /* kexploit */,
				F0B17F0CA82330A26B5CAE4B /* lib */,
				BA72AA8D35B0D97633C2BF5E /* licenses */,
				EC0774E5B4020C4D885431BC /* other */,
				9D63227FDF3FDE8908661A7D /* PartyUI */,
				D70718477881BA82E605FF53 /* views */,
			);
			path = lara;
			sourceTree = "<group>";
		};
		4CFE8C17A9569842AF2EDD4E /* darkboard */ = {
			isa = PBXGroup;
			children = (
				51C4D580D4A8686D1CAF25E4 /* IconCacheClearer.m */,
				50BE8150155CA9C3A965F3D4 /* IconThemeGalleryManager.swift */,
				313B84568EEAB9B642F60011 /* IconThemeManager.swift */,
			);
			path = darkboard;
			sourceTree = "<group>";
		};
		72729D505A51BDFC8C55A1D9 /* Frameworks */ = {
			isa = PBXGroup;
			children = (
				039D284F496260AA52986467 /* Foundation.framework */,
				410B1EDE3D870185074F65BC /* UIKit.framework */,
			);
			name = Frameworks;
			sourceTree = "<group>";
		};
		73E8616A7EF5B51A92B29E54 /* Lists */ = {
			isa = PBXGroup;
			children = (
				02E20075BF872BFD95EB0A6E /* HeaderDropdown.swift */,
				2DD56EBEFF013417C64A6488 /* HeaderLabel.swift */,
				8D042B272B261DE4B19A7351 /* SectionPlatter.swift */,
				B313F5BE4CA5427B76F38EAD /* ThemedHeaderLabel.swift */,
			);
			path = Lists;
			sourceTree = "<group>";
		};
		761E02C29DBA3FA091780A05 /* classes */ = {
			isa = PBXGroup;
			children = (
				2CCACDCDA8A98A3AB0DD4B34 /* laramgr.swift */,
				7ADF625620559A728F4B333A /* Logger.swift */,
				6230613E1604EF6D325BEB2A /* VarCleanBridge.m */,
				CBFD358E70EC405DE82C3960 /* zipmgr.swift */,
				860A585202C20E00C82C419C /* tweaks */,
			);
			path = classes;
			sourceTree = "<group>";
		};
		7814074F0998A8D980C3CBF8 /* other */ = {
			isa = PBXGroup;
			children = (
				A9BBF565E304760414833AF4 /* respring.swift */,
			);
			path = other;
			sourceTree = "<group>";
		};
		7BD2299CAA022F5E87524835 /* Products */ = {
			isa = PBXGroup;
			children = (
				B1650DE9DA6D35D51EE63DA2 /* Lara.app */,
			);
			name = Products;
			sourceTree = "<group>";
		};
		7F048C9DF00CA2EEB9135FFF /* Effects */ = {
			isa = PBXGroup;
			children = (
				FC1E023273418CB9CB879FFF /* FadeAnimation.swift */,
				AFB9087BA044BC50F21C5AE0 /* OverlayBackground.swift */,
			);
			path = Effects;
			sourceTree = "<group>";
		};
		860A585202C20E00C82C419C /* tweaks */ = {
			isa = PBXGroup;
			children = (
				4CFE8C17A9569842AF2EDD4E /* darkboard */,
				9CA94EDD3BE9DDBB6B279DCA /* passcode */,
			);
			path = tweaks;
			sourceTree = "<group>";
		};
		8855FA399F2E0D870F89E63A /* mobilegestalt */ = {
			isa = PBXGroup;
			children = (
				05AF074004C8A6B2B588FC91 /* GestaltFileView.swift */,
				ACDE5186BD4FAC6C884D6EC3 /* GestaltView.swift */,
			);
			path = mobilegestalt;
			sourceTree = "<group>";
		};
		93732F3C530FBFCDA46E1FCE /* Functions */ = {
			isa = PBXGroup;
			children = (
				1D1585E8B42B2495142BE67E /* Alertinator.swift */,
				06481EFAF5F2217FAAF5763B /* Exitinator.swift */,
				37FB4792E60B4F968016E9C6 /* Hapticinator.swift */,
				4759F640E231F564F06DB0F5 /* Shareinator.swift */,
			);
			path = Functions;
			sourceTree = "<group>";
		};
		94239040D8A11FC1A668FCE4 /* liquidglass */ = {
			isa = PBXGroup;
			children = (
				B4D9E99A44EA3E29445991F5 /* LiquidGlassPreview.swift */,
				8E180A1D7D4F04BBA1C018F5 /* LiquidGlassView.swift */,
			);
			path = liquidglass;
			sourceTree = "<group>";
		};
		97E7B95F214CEA3C04F0AC58 /* darkboard */ = {
			isa = PBXGroup;
			children = (
				76499B80F81B730D6740F4B4 /* DarkBoardExploreView.swift */,
				B1DA3FB34E314A468E26E1D9 /* DarkBoardView.swift */,
			);
			path = darkboard;
			sourceTree = "<group>";
		};
		9CA94EDD3BE9DDBB6B279DCA /* passcode */ = {
			isa = PBXGroup;
			children = (
				67D100779B0FB585D07A7A01 /* PasscodeGalleryManager.swift */,
			);
			path = passcode;
			sourceTree = "<group>";
		};
		9D63227FDF3FDE8908661A7D /* PartyUI */ = {
			isa = PBXGroup;
			children = (
				448609047BB8D112B7E99BFA /* PartyUI.swift */,
				CCCE9A5AD37D20741B82ADB9 /* App */,
				C6CEB364F2625B0EF49D1447 /* UI */,
			);
			path = PartyUI;
			sourceTree = "<group>";
		};
		9FC4F095CD4B29F2EBA790C6 /* kexploit */ = {
			isa = PBXGroup;
			children = (
				0B1831D0D49F9245F54EBDC6 /* compat.h */,
				CB0E8E3EC140E01DA032363F /* darksword.h */,
				DD123A4DC76BB7C0734B5AE9 /* darksword.m */,
				4A33766163693DFAA30D772A /* decrypt.h */,
				339B1CF19AFA09E650FAB6E6 /* decrypt.m */,
				7DC3E2446E97ECC921D3AE94 /* offsets.h */,
				EDC9360B2E647660F1BD443F /* offsets.m */,
				617E864CD832D1D3839429F0 /* persistence.h */,
				B2BA68871A9D11BCFDC2AE71 /* persistence.m */,
				206327D869325194A5015A1B /* utils.h */,
				5A300D3F6ED3397BE1E6AD87 /* utils.m */,
				C6122EC473A3A57510124B02 /* pe */,
				07BAC61DA1B8AB72CF48FFA8 /* TaskRop */,
			);
			path = kexploit;
			sourceTree = "<group>";
		};
		A5B06BC43186EA1E4D25299F = {
			isa = PBXGroup;
			children = (
				4BE43909AB102BC654C3AA36 /* lara */,
				72729D505A51BDFC8C55A1D9 /* Frameworks */,
				7BD2299CAA022F5E87524835 /* Products */,
			);
			sourceTree = "<group>";
		};
		A89E6CF98559C612AA19E5CE /* settings */ = {
			isa = PBXGroup;
			children = (
				61F528F680617A48C3CAB181 /* CreditsView.swift */,
				9912C39D41DA5EB8985DBB12 /* OffsetManagementView.swift */,
				986EBE17846F5764D1456F88 /* SettingsView.swift */,
			);
			path = settings;
			sourceTree = "<group>";
		};
		B8439178F75BD677E46A1DE7 /* headers */ = {
			isa = PBXGroup;
			children = (
				B5A1457B7D98C0DDC65ACC3B /* fileport.h */,
				EDF19B2325FE621BF70AC862 /* IconServices.h */,
				324F7561FC82CAA514198CEB /* libgrabkernel2.h */,
				2DAE2515228311435D9959EB /* MFSLauncher.h */,
				51BF1E07A44069A4B21B39EE /* xpf.h */,
			);
			path = headers;
			sourceTree = "<group>";
		};
		B96F95013D086604AB0F746C /* fm */ = {
			isa = PBXGroup;
			children = (
				AECB19A4F9FC77C7B0D6365A /* DirectoryView.swift */,
				AA25AF8322F8AF8EA8DCFFF3 /* FileInfoSheet.swift */,
				2802001733517E9C6F44ADDE /* FileSystemHelpers.swift */,
				73D525CF14505CE9B85FD317 /* FileView.swift */,
				9C010243976A7D404529C206 /* SantanderView.swift */,
			);
			path = fm;
			sourceTree = "<group>";
		};
		BA72AA8D35B0D97633C2BF5E /* licenses */ = {
			isa = PBXGroup;
			children = (
				768497842E4AA9851BF6D449 /* LICENSE_ChOma.md */,
				271735A3F681764690EA9704 /* LICENSE_libgrabkernel2.md */,
				FC6F541C56EDB4F0D04D7442 /* LICENSE_RootHideManagerApp.md */,
				9ECAEE9B34FB3DCF3A9756AA /* LICENSE_XPF.md */,
			);
			path = licenses;
			sourceTree = "<group>";
		};
		BCB9166DBD1D0FB1A634265E /* sbcustomizer */ = {
			isa = PBXGroup;
			children = (
				CCE96D7B86A8F7D41967A7BC /* SBCustomizerHandler.swift */,
				DA8DA1F400219CB3E2BB0ED3 /* SpringBoardView.swift */,
			);
			path = sbcustomizer;
			sourceTree = "<group>";
		};
		BD4923F18700F649F4B199C9 /* funcs */ = {
			isa = PBXGroup;
			children = (
				CD0D193753BA74B811063956 /* fetchkcache.swift */,
				4091B993EEB2CE55D9340FD1 /* getbmhash.swift */,
				92C2A1D1BCFA40230A63C752 /* helpers.swift */,
				7DBB848FB87528D0CF3FD7AD /* isdebugged.swift */,
				F6D6CB952FC4C65F5FB543A5 /* islcinstalled.swift */,
				8B4C39921AD4AFB152FAEF11 /* isunsupported.swift */,
				F50A3C705DF2F98AC63AA699 /* keepalive.swift */,
				3B986733D3F9E2A85C6B4DB7 /* resizetoapprox.swift */,
			);
			path = funcs;
			sourceTree = "<group>";
		};
		C6122EC473A3A57510124B02 /* pe */ = {
			isa = PBXGroup;
			children = (
				5C21F0DFD8E929D2ADD2FFE8 /* apfs.h */,
				797DFBA07DCC9320399BC99F /* apfs.m */,
				09BE5060F2C9DFD730796B7E /* rc.h */,
				86610E6990066EDFE2B5D96B /* rc.m */,
				3450D579B9EF6D1B24EA44AB /* sbx.h */,
				F7BDDFA67F1109816C300F1E /* sbx.m */,
				33FAD74D2D09DFD7CF1985FA /* vfs.h */,
				7A92CE7743387903DDBFFC8C /* vfs.m */,
				D714CE75040A9A3A983B36BE /* vnode.h */,
				09E09CADCF84F1D6D51E5F20 /* vnode.m */,
				E6A7B0366B3E502209C65E24 /* xpaci.h */,
			);
			path = pe;
			sourceTree = "<group>";
		};
		C6CEB364F2625B0EF49D1447 /* UI */ = {
			isa = PBXGroup;
			children = (
				6DDC13CBAF6359B957D0E46D /* DesignStyle.swift */,
				201E76134F22499BFD3DF53F /* Buttons */,
				7F048C9DF00CA2EEB9135FFF /* Effects */,
				4A3D6651E821914BC1DA4474 /* Indicators */,
				0731B4811AB8A4261C149BD3 /* Inputs */,
				73E8616A7EF5B51A92B29E54 /* Lists */,
				09B6EF0B45C55F479407D990 /* Terminal */,
			);
			path = UI;
			sourceTree = "<group>";
		};
		CCCE9A5AD37D20741B82ADB9 /* App */ = {
			isa = PBXGroup;
			children = (
				6EB9E3ACD25477A782F14650 /* AppInfo.swift */,
				CED7197ED6E1E06C45D4927C /* Extensions */,
				93732F3C530FBFCDA46E1FCE /* Functions */,
				48AB90CB037F435485C6047D /* Settings */,
				F8BF389C000C82BE834B7E80 /* WelcomeSheet */,
			);
			path = App;
			sourceTree = "<group>";
		};
		CED7197ED6E1E06C45D4927C /* Extensions */ = {
			isa = PBXGroup;
			children = (
				050CB7412FCEE07695ABA92A /* VariableBlur.swift */,
			);
			path = Extensions;
			sourceTree = "<group>";
		};
		D70718477881BA82E605FF53 /* views */ = {
			isa = PBXGroup;
			children = (
				0E9B667B7F6DF2F65554368C /* app */,
				B96F95013D086604AB0F746C /* fm */,
				7814074F0998A8D980C3CBF8 /* other */,
				0D159B4E42377C38FDD14E18 /* tweaks */,
			);
			path = views;
			sourceTree = "<group>";
		};
		E6D45AD3A84FDFFB26A63642 /* assets */ = {
			isa = PBXGroup;
			children = (
				AE2331E0F7B3D823CA15DF72 /* lara.png */,
			);
			path = assets;
			sourceTree = "<group>";
		};
		EC0774E5B4020C4D885431BC /* other */ = {
			isa = PBXGroup;
			children = (
				48E6FC849E553C68E397984C /* lara.entitlements */,
				68FA57A36233679708C5E468 /* media.xcassets */,
				60E947B3676E84C6A668511C /* VarCleanRules.json */,
			);
			path = other;
			sourceTree = "<group>";
		};
		F0B17F0CA82330A26B5CAE4B /* lib */ = {
			isa = PBXGroup;
			children = (
				2A8B286F9EE44EE34D17CFC5 /* libgrabkernel2.dylib */,
				DD7F3DC66742B927E18E4F84 /* libmuffinstore.dylib */,
				6337EE02AC0706717DFA252A /* libxpf.dylib */,
				23942EEA65BBA190D901B7D2 /* choma */,
			);
			path = lib;
			sourceTree = "<group>";
		};
		F1B195CE1E819A5C7256ED05 /* dirtyZero */ = {
			isa = PBXGroup;
			children = (
				DDB2DDE4EBFD521AEA126223 /* dirtyZeroTweakArray.swift */,
				C92D97E7B28FC21CDB6394CC /* dirtyZeroView.swift */,
			);
			path = dirtyZero;
			sourceTree = "<group>";
		};
		F8BF389C000C82BE834B7E80 /* WelcomeSheet */ = {
			isa = PBXGroup;
			children = (
				9333BB39BB98C3DB063648A1 /* WelcomeSheetRow.swift */,
				85027CF0242D31D84A9044B5 /* WelcomeSheetView.swift */,
			);
			path = WelcomeSheet;
			sourceTree = "<group>";
		};
/* End PBXGroup section */

/* Begin PBXNativeTarget section */
		FD1665B8C8F3A79F013224EE /* Lara */ = {
			isa = PBXNativeTarget;
			buildConfigurationList = E1E659BC54B59BF7873237DB /* Build configuration list for PBXNativeTarget "Lara" */;
			buildPhases = (
				F9DE0523417E74276238FA56 /* Sources */,
				7CE4B9CDA802D229BDFBAFEF /* Resources */,
				77D3CA82B4C410701CD229E2 /* Frameworks */,
			);
			buildRules = (
			);
			dependencies = (
			);
			name = Lara;
			packageProductDependencies = (
			);
			productName = Lara;
			productReference = B1650DE9DA6D35D51EE63DA2 /* Lara.app */;
			productType = "com.apple.product-type.application";
		};
/* End PBXNativeTarget section */

/* Begin PBXProject section */
		C2C95BFA5DD3CFA4D4DD34CD /* Project object */ = {
			isa = PBXProject;
			attributes = {
				BuildIndependentTargetsInParallel = YES;
				LastUpgradeCheck = 1430;
				TargetAttributes = {
				};
			};
			buildConfigurationList = 0834245AF38D531999A6377B /* Build configuration list for PBXProject "lara" */;
			developmentRegion = en;
			hasScannedForEncodings = 0;
			knownRegions = (
				Base,
				en,
			);
			mainGroup = A5B06BC43186EA1E4D25299F;
			minimizedProjectReferenceProxies = 1;
			preferredProjectObjectVersion = 77;
			productRefGroup = 7BD2299CAA022F5E87524835 /* Products */;
			projectDirPath = "";
			projectRoot = "";
			targets = (
				FD1665B8C8F3A79F013224EE /* Lara */,
			);
		};
/* End PBXProject section */

/* Begin PBXResourcesBuildPhase section */
		7CE4B9CDA802D229BDFBAFEF /* Resources */ = {
			isa = PBXResourcesBuildPhase;
			buildActionMask = 2147483647;
			files = (
				DBC38849EB29D5E244F47CF4 /* LICENSE_ChOma.md in Resources */,
				2D7D9A6E64CEC02EEEF80312 /* LICENSE_RootHideManagerApp.md in Resources */,
				1AC7A833DF8669BB42C00F6F /* LICENSE_XPF.md in Resources */,
				BC6CE187F643FD736AA99693 /* LICENSE_libgrabkernel2.md in Resources */,
				BA2F9F5E6F4FEBCB5F1F5596 /* VarCleanRules.json in Resources */,
				92E69C99643D08CD1E8AA0B7 /* lara.png in Resources */,
				92C535F65EF10D85C95BB30C /* libgrabkernel2.dylib in Resources */,
				D176CC232E82A283A7DB6095 /* libmuffinstore.dylib in Resources */,
				2BEFF5B60B8C14F020806C80 /* libxpf.dylib in Resources */,
				833F7207A881BEB28DD1E4F0 /* media.xcassets in Resources */,
			);
			runOnlyForDeploymentPostprocessing = 0;
		};
/* End PBXResourcesBuildPhase section */

/* Begin PBXSourcesBuildPhase section */
		F9DE0523417E74276238FA56 /* Sources */ = {
			isa = PBXSourcesBuildPhase;
			buildActionMask = 2147483647;
			files = (
				0B37F698456187F4C6BEA70A /* Alertinator.swift in Sources */,
				6838DD14ACAE027291B4E513 /* AppInfo.swift in Sources */,
				D3929A52B94E75348A88DF65 /* AppInfoCell.swift in Sources */,
				7C95F000A8053214FDAA34F1 /* AppsView.swift in Sources */,
				3E58D5D0691AC93283012BF2 /* ButtonLabel.swift in Sources */,
				225E1A8B9773049D1D701524 /* CCView.swift in Sources */,
				4368A9119C44068B5D12B9E4 /* CardView.swift in Sources */,
				4994710A947C095CC5E1EEF7 /* CompactAlert.swift in Sources */,
				E2ADC7A9043AB6502A4E35F6 /* ContentView.swift in Sources */,
				E166433EB821FF6EEFEF1062 /* CreditsView.swift in Sources */,
				CCC0948E08193AA6572B31F9 /* CustomView.swift in Sources */,
				5107FC83FA70D6177149C8A9 /* DarkBoardExploreView.swift in Sources */,
				CC7E7C7F1147990E8623F251 /* DarkBoardView.swift in Sources */,
				CECD141B587A6A03B2965B53 /* DecryptView.swift in Sources */,
				B961402B2D55AB712FC53027 /* DesignStyle.swift in Sources */,
				59D03D9A337DC168C41A7B8A /* DirectoryView.swift in Sources */,
				5965140CE8091F322A58EE80 /* DowngradeView.swift in Sources */,
				AC4ABBAD4B37B747B5FC27F8 /* Exitinator.swift in Sources */,
				DD5B66223ABC74965F0A2DF3 /* FadeAnimation.swift in Sources */,
				A98B8800F6EF0B73BA92B31F /* FancyButtonStyle.swift in Sources */,
				56D700B0AF25BA9C8F50F0C1 /* FileInfoSheet.swift in Sources */,
				0FB7B18878404436BE122EAB /* FileSystemHelpers.swift in Sources */,
				8EA9B7CB34A03394A376CC68 /* FileView.swift in Sources */,
				E0906DF58A3B0697EDB402EC /* FontPicker.swift in Sources */,
				5FF35E1238A57CA142CA2C97 /* GestaltFileView.swift in Sources */,
				41F266B5583ADAA53B36C2C0 /* GestaltView.swift in Sources */,
				27780886EFE6F5CF439E3C17 /* GetLicenseDict.swift in Sources */,
				183F7035A40F3FAEC789717E /* Hapticinator.swift in Sources */,
				A48D9189EDE6A082738FCF26 /* HeaderDropdown.swift in Sources */,
				09E18FF4DA078CA08A0BD260 /* HeaderLabel.swift in Sources */,
				EB4E459C9A3FE037AE5F75FF /* IconCacheClearer.m in Sources */,
				249698EE68C5B5D3A7DE2A7D /* IconThemeGalleryManager.swift in Sources */,
				73BB4DCD39001D69E351546E /* IconThemeManager.swift in Sources */,
				D90946ED645AD402E4BFFF4D /* InfoBadge.swift in Sources */,
				CD6AE0F9A1240E5558087998 /* JitView.swift in Sources */,
				8DB9C5084358B2B499F36EBB /* LicenseView.swift in Sources */,
				406616371B7D5B7A84F818EA /* LinkCreditCell.swift in Sources */,
				C098493DCD6B3083B150E828 /* LiquidGlassPreview.swift in Sources */,
				9B0FAA914F626F1E18CDEC3E /* LiquidGlassView.swift in Sources */,
				333CD424E2385A8097A3533C /* Logger.swift in Sources */,
				AAC093D16E38470615A9725D /* LogsView.swift in Sources */,
				B7DFE2C421923B740CC36F5C /* NavigationLabel.swift in Sources */,
				5F88E2FEBD607B1D88D70C8A /* OffsetManagementView.swift in Sources */,
				032E5C8AB0103B55827B6D4D /* OverlayBackground.swift in Sources */,
				26EE159C81998DF41B98C012 /* PartyUI.swift in Sources */,
				0C5BE79B5A223042AF06CB9F /* PasscodeExploreView.swift in Sources */,
				65347BD00853A4413D0A09E4 /* PasscodeGalleryManager.swift in Sources */,
				D3DDBE4B4FB9530B47BB8A37 /* PasscodeRepoView.swift in Sources */,
				EACE3BBC19E7D884E62E6E2B /* PasscodeView.swift in Sources */,
				EFE0E8B819CC69F8DBC3637C /* PlainAlert.swift in Sources */,
				FC56341950E49BC1B371F8CD /* PlainToggle.swift in Sources */,
				0D1EB96F2BAB9FD1279D857C /* PlatterToggle.swift in Sources */,
				1EC32535DB84C3527B4B0A0C /* PrimaryButtonStyle.swift in Sources */,
				42B0B8FE0F764DA8C7FAD73A /* RemoteCall.m in Sources */,
				9B84BA4A9C594BBAB7105033 /* RemoteView.swift in Sources */,
				7D5AB8511BEC776DA861AF7D /* SBCustomizerHandler.swift in Sources */,
				313E6AE848E29D7EB7F19381 /* SantanderView.swift in Sources */,
				8A7650B0F02201B3766D692B /* SectionPlatter.swift in Sources */,
				5B1BA862D916F9D13ABA41BD /* SettingsView.swift in Sources */,
				C316305E7DF3C96CF3864D3D /* Shareinator.swift in Sources */,
				BDC6CC19998815F1C0398225 /* SpringBoardView.swift in Sources */,
				87A8B3BD2CF7E6EA5EFBC92A /* SystemColor.swift in Sources */,
				8AA68683A08CC5CE392779EF /* TerminalHeader.swift in Sources */,
				3A0742956B3B582834E0833D /* TerminalPlatter.swift in Sources */,
				28100889AD0FB497D00A1F38 /* TextFieldBackground.swift in Sources */,
				10C0FCA977E5D0C84422C086 /* TextFieldButton.swift in Sources */,
				916461803C022C4E152C7018 /* ThemedHeaderLabel.swift in Sources */,
				5D2A857F1E4C68F95E0DF740 /* TinyButtonStyle.swift in Sources */,
				1EE3C53F9459EF1DC4B62B28 /* TinyInfoPlatter.swift in Sources */,
				C4466872A4D62B9F707EAFB1 /* ToolsView.swift in Sources */,
				FC8D4872BEB2F597360E124D /* TranslucentButtonStyle.swift in Sources */,
				6F1754E66E9F7677E77C2078 /* TweaksView.swift in Sources */,
				E54322C1977F16B56F4F3DB8 /* VarCleanBridge.m in Sources */,
				36245F5CC5C7BAEFD012ED41 /* VarCleanView.swift in Sources */,
				EF90E28A7AE0CD45FE63245B /* VariableBlur.swift in Sources */,
				4F94453C8CE1AA0E6A69DA91 /* WelcomeSheetRow.swift in Sources */,
				36F19A6149B559F3BC80F179 /* WelcomeSheetView.swift in Sources */,
				21B13EF81BE57B10FE0C37A0 /* WhitelistView.swift in Sources */,
				E2269D7B8B60E2A0882025AA /* apfs.m in Sources */,
				431CA65D12D2682ECF48E8B4 /* darksword.m in Sources */,
				A8A6EB4387F212AAF8BA8626 /* decrypt.m in Sources */,
				2C57E73D5988F313FFD5A8FA /* dirtyZeroTweakArray.swift in Sources */,
				B327D7C285D9BC9ECCDE1A68 /* dirtyZeroView.swift in Sources */,
				B2DC9AD7F03153102E6FA9BB /* exc.m in Sources */,
				ACFCDB592B88DB1BFEFABDBA /* fetchkcache.swift in Sources */,
				A623B89A2C58CB8A78BCF7EA /* findcachedataoff.m in Sources */,
				AB286DA058F1FCAE9363C6B1 /* getbmhash.swift in Sources */,
				4669C3B25B7489EBD80057B3 /* helpers.swift in Sources */,
				1E44232A28451D66BC093F57 /* isdebugged.swift in Sources */,
				88C0004992C741FD9CBA65B7 /* islcinstalled.swift in Sources */,
				26A215D73B98911708F1CF0C /* isunsupported.swift in Sources */,
				B81FB0C03834B51997A89C34 /* keepalive.swift in Sources */,
				24ED72EC4550CDC318C16998 /* lara.swift in Sources */,
				64B362A6D4F60F329536722F /* laramgr.swift in Sources */,
				7AEF609084ED052D6C996095 /* offsets.m in Sources */,
				1464B9EBCD536BDD19A66D71 /* pac.m in Sources */,
				AB18409EBF1C458A973EBC6C /* persistence.m in Sources */,
				97B355DB8E7EF97123EE3DB3 /* rc.m in Sources */,
				C1725F509BDB7D2208EE2579 /* resizetoapprox.swift in Sources */,
				E99D712EE78CA8073C49821B /* respring.swift in Sources */,
				495E4514D5AE764363BAF696 /* sbx.m in Sources */,
				AFD8AD5FD3F60467492282EF /* thread.m in Sources */,
				BC49811360FE90E8EAE827E8 /* utils.m in Sources */,
				F0A99A708FD88B91E4ED51C2 /* vfs.m in Sources */,
				4997659E14575C5B7AAACC12 /* vm.m in Sources */,
				0DAF3E7474DCC5CA0CA68816 /* vnode.m in Sources */,
				61F952925C145569D97BD96E /* zipmgr.swift in Sources */,
			);
			runOnlyForDeploymentPostprocessing = 0;
		};
/* End PBXSourcesBuildPhase section */

/* Begin XCBuildConfiguration section */
		3E810AC91C376ED3F7F9E2BA /* Debug */ = {
			isa = XCBuildConfiguration;
			buildSettings = {
				ASSETCATALOG_COMPILER_APPICON_NAME = AppIcon;
				CODE_SIGN_IDENTITY = "iPhone Developer";
				INFOPLIST_FILE = lara/Info.plist;
				LD_RUNPATH_SEARCH_PATHS = (
					"$(inherited)",
					"@executable_path/Frameworks",
				);
				LIBRARY_SEARCH_PATHS = "$(inherited) lara/lib/";
				OTHER_LDFLAGS = "$(inherited) -lxpf -lgrabkernel2 -lmuffinstore";
				PRODUCT_BUNDLE_IDENTIFIER = com.roooot.lara;
				SDKROOT = iphoneos;
				SWIFT_OBJC_BRIDGING_HEADER = "lara/lara-Bridging-Header.h";
				SWIFT_STRICT_CONCURRENCY = minimal;
				SWIFT_VERSION = 5.0;
				TARGETED_DEVICE_FAMILY = "1,2";
			};
			name = Debug;
		};
		82AE279FDF9B38FD75536E7A /* Release */ = {
			isa = XCBuildConfiguration;
			buildSettings = {
				ASSETCATALOG_COMPILER_APPICON_NAME = AppIcon;
				CODE_SIGN_IDENTITY = "iPhone Developer";
				INFOPLIST_FILE = lara/Info.plist;
				LD_RUNPATH_SEARCH_PATHS = (
					"$(inherited)",
					"@executable_path/Frameworks",
				);
				LIBRARY_SEARCH_PATHS = "$(inherited) lara/lib/";
				OTHER_LDFLAGS = "$(inherited) -lxpf -lgrabkernel2 -lmuffinstore";
				PRODUCT_BUNDLE_IDENTIFIER = com.roooot.lara;
				SDKROOT = iphoneos;
				SWIFT_OBJC_BRIDGING_HEADER = "lara/lara-Bridging-Header.h";
				SWIFT_STRICT_CONCURRENCY = minimal;
				SWIFT_VERSION = 5.0;
				TARGETED_DEVICE_FAMILY = "1,2";
			};
			name = Release;
		};
		B36A0572D1FE8B1BD286BCB7 /* Debug */ = {
			isa = XCBuildConfiguration;
			buildSettings = {
				ALWAYS_SEARCH_USER_PATHS = NO;
				CLANG_ANALYZER_NONNULL = YES;
				CLANG_ANALYZER_NUMBER_OBJECT_CONVERSION = YES_AGGRESSIVE;
				CLANG_CXX_LANGUAGE_STANDARD = "gnu++14";
				CLANG_CXX_LIBRARY = "libc++";
				CLANG_ENABLE_MODULES = YES;
				CLANG_ENABLE_OBJC_ARC = YES;
				CLANG_ENABLE_OBJC_WEAK = YES;
				CLANG_WARN_BLOCK_CAPTURE_AUTORELEASING = YES;
				CLANG_WARN_BOOL_CONVERSION = YES;
				CLANG_WARN_COMMA = YES;
				CLANG_WARN_CONSTANT_CONVERSION = YES;
				CLANG_WARN_DEPRECATED_OBJC_IMPLEMENTATIONS = YES;
				CLANG_WARN_DIRECT_OBJC_ISA_USAGE = YES_ERROR;
				CLANG_WARN_DOCUMENTATION_COMMENTS = YES;
				CLANG_WARN_EMPTY_BODY = YES;
				CLANG_WARN_ENUM_CONVERSION = YES;
				CLANG_WARN_INFINITE_RECURSION = YES;
				CLANG_WARN_INT_CONVERSION = YES;
				CLANG_WARN_NON_LITERAL_NULL_CONVERSION = YES;
				CLANG_WARN_OBJC_IMPLICIT_RETAIN_SELF = YES;
				CLANG_WARN_OBJC_LITERAL_CONVERSION = YES;
				CLANG_WARN_OBJC_ROOT_CLASS = YES_ERROR;
				CLANG_WARN_QUOTED_INCLUDE_IN_FRAMEWORK_HEADER = YES;
				CLANG_WARN_RANGE_LOOP_ANALYSIS = YES;
				CLANG_WARN_STRICT_PROTOTYPES = YES;
				CLANG_WARN_SUSPICIOUS_MOVE = YES;
				CLANG_WARN_UNGUARDED_AVAILABILITY = YES_AGGRESSIVE;
				CLANG_WARN_UNREACHABLE_CODE = YES;
				CLANG_WARN__DUPLICATE_METHOD_MATCH = YES;
				COPY_PHASE_STRIP = NO;
				DEBUG_INFORMATION_FORMAT = dwarf;
				ENABLE_STRICT_OBJC_MSGSEND = YES;
				ENABLE_TESTABILITY = YES;
				GCC_C_LANGUAGE_STANDARD = gnu11;
				GCC_DYNAMIC_NO_PIC = NO;
				GCC_NO_COMMON_BLOCKS = YES;
				GCC_OPTIMIZATION_LEVEL = 0;
				GCC_PREPROCESSOR_DEFINITIONS = (
					"$(inherited)",
					"DEBUG=1",
				);
				GCC_WARN_64_TO_32_BIT_CONVERSION = YES;
				GCC_WARN_ABOUT_RETURN_TYPE = YES_ERROR;
				GCC_WARN_UNDECLARED_SELECTOR = YES;
				GCC_WARN_UNINITIALIZED_AUTOS = YES_AGGRESSIVE;
				GCC_WARN_UNUSED_FUNCTION = YES;
				GCC_WARN_UNUSED_VARIABLE = YES;
				IPHONEOS_DEPLOYMENT_TARGET = 17.0;
				MTL_ENABLE_DEBUG_INFO = INCLUDE_SOURCE;
				MTL_FAST_MATH = YES;
				ONLY_ACTIVE_ARCH = YES;
				PRODUCT_NAME = "$(TARGET_NAME)";
				SDKROOT = iphoneos;
				SWIFT_ACTIVE_COMPILATION_CONDITIONS = DEBUG;
				SWIFT_OPTIMIZATION_LEVEL = "-Onone";
				SWIFT_VERSION = 5.0;
			};
			name = Debug;
		};
		EEB3821768474EEF09187DAB /* Release */ = {
			isa = XCBuildConfiguration;
			buildSettings = {
				ALWAYS_SEARCH_USER_PATHS = NO;
				CLANG_ANALYZER_NONNULL = YES;
				CLANG_ANALYZER_NUMBER_OBJECT_CONVERSION = YES_AGGRESSIVE;
				CLANG_CXX_LANGUAGE_STANDARD = "gnu++14";
				CLANG_CXX_LIBRARY = "libc++";
				CLANG_ENABLE_MODULES = YES;
				CLANG_ENABLE_OBJC_ARC = YES;
				CLANG_ENABLE_OBJC_WEAK = YES;
				CLANG_WARN_BLOCK_CAPTURE_AUTORELEASING = YES;
				CLANG_WARN_BOOL_CONVERSION = YES;
				CLANG_WARN_COMMA = YES;
				CLANG_WARN_CONSTANT_CONVERSION = YES;
				CLANG_WARN_DEPRECATED_OBJC_IMPLEMENTATIONS = YES;
				CLANG_WARN_DIRECT_OBJC_ISA_USAGE = YES_ERROR;
				CLANG_WARN_DOCUMENTATION_COMMENTS = YES;
				CLANG_WARN_EMPTY_BODY = YES;
				CLANG_WARN_ENUM_CONVERSION = YES;
				CLANG_WARN_INFINITE_RECURSION = YES;
				CLANG_WARN_INT_CONVERSION = YES;
				CLANG_WARN_NON_LITERAL_NULL_CONVERSION = YES;
				CLANG_WARN_OBJC_IMPLICIT_RETAIN_SELF = YES;
				CLANG_WARN_OBJC_LITERAL_CONVERSION = YES;
				CLANG_WARN_OBJC_ROOT_CLASS = YES_ERROR;
				CLANG_WARN_QUOTED_INCLUDE_IN_FRAMEWORK_HEADER = YES;
				CLANG_WARN_RANGE_LOOP_ANALYSIS = YES;
				CLANG_WARN_STRICT_PROTOTYPES = YES;
				CLANG_WARN_SUSPICIOUS_MOVE = YES;
				CLANG_WARN_UNGUARDED_AVAILABILITY = YES_AGGRESSIVE;
				CLANG_WARN_UNREACHABLE_CODE = YES;
				CLANG_WARN__DUPLICATE_METHOD_MATCH = YES;
				COPY_PHASE_STRIP = NO;
				DEBUG_INFORMATION_FORMAT = "dwarf-with-dsym";
				ENABLE_NS_ASSERTIONS = NO;
				ENABLE_STRICT_OBJC_MSGSEND = YES;
				GCC_C_LANGUAGE_STANDARD = gnu11;
				GCC_NO_COMMON_BLOCKS = YES;
				GCC_WARN_64_TO_32_BIT_CONVERSION = YES;
				GCC_WARN_ABOUT_RETURN_TYPE = YES_ERROR;
				GCC_WARN_UNDECLARED_SELECTOR = YES;
				GCC_WARN_UNINITIALIZED_AUTOS = YES_AGGRESSIVE;
				GCC_WARN_UNUSED_FUNCTION = YES;
				GCC_WARN_UNUSED_VARIABLE = YES;
				IPHONEOS_DEPLOYMENT_TARGET = 17.0;
				MTL_ENABLE_DEBUG_INFO = NO;
				MTL_FAST_MATH = YES;
				PRODUCT_NAME = "$(TARGET_NAME)";
				SDKROOT = iphoneos;
				SWIFT_COMPILATION_MODE = wholemodule;
				SWIFT_OPTIMIZATION_LEVEL = "-O";
				SWIFT_VERSION = 5.0;
			};
			name = Release;
		};
/* End XCBuildConfiguration section */

/* Begin XCConfigurationList section */
		0834245AF38D531999A6377B /* Build configuration list for PBXProject "lara" */ = {
			isa = XCConfigurationList;
			buildConfigurations = (
				B36A0572D1FE8B1BD286BCB7 /* Debug */,
				EEB3821768474EEF09187DAB /* Release */,
			);
			defaultConfigurationIsVisible = 0;
			defaultConfigurationName = Debug;
		};
		E1E659BC54B59BF7873237DB /* Build configuration list for PBXNativeTarget "Lara" */ = {
			isa = XCConfigurationList;
			buildConfigurations = (
				3E810AC91C376ED3F7F9E2BA /* Debug */,
				82AE279FDF9B38FD75536E7A /* Release */,
			);
			defaultConfigurationIsVisible = 0;
			defaultConfigurationName = Debug;
		};
/* End XCConfigurationList section */
	};
	rootObject = C2C95BFA5DD3CFA4D4DD34CD /* Project object */;
}
